{
  "version": 4,
  "terraform_version": "1.10.5",
  "serial": 416,
  "lineage": "1b13b255-bdac-0e63-ecd1-32ae163f2813",
  "outputs": {},
  "resources": [
    {
      "mode": "managed",
      "type": "libvirt_pool",
      "name": "rke2",
      "provider": "provider[\"registry.terraform.io/dmacvicar/libvirt\"]",
      "instances": [
        {
          "schema_version": 0,
          "attributes": {
            "allocation": 29260525568,
            "available": 1953810599936,
            "capacity": 1983071125504,
            "id": "45d1282d-f2a3-416e-bba1-ec1c3c290767",
            "name": "rke2",
            "path": null,
            "source": [],
            "target": [
              {
                "path": "/var/lib/libvirt/images/rke2"
              }
            ],
            "type": "dir",
            "xml": []
          },
          "sensitive_attributes": [],
          "private": "bnVsbA=="
        }
      ]
    }
  ],
  "check_results": null
}
