{
  "version": 4,
  "terraform_version": "1.10.5",
  "serial": 710,
  "lineage": "1b13b255-bdac-0e63-ecd1-32ae163f2813",
  "outputs": {
    "control_plane_ips": {
      "value": [
        "192.168.124.86"
      ],
      "type": [
        "tuple",
        [
          "string"
        ]
      ]
    }
  },
  "resources": [
    {
      "mode": "data",
      "type": "ignition_config",
      "name": "control_plane_ignition",
      "provider": "provider[\"registry.terraform.io/community-terraform-providers/ignition\"]",
      "instances": [
        {
          "index_key": "Mercury-1",
          "schema_version": 0,
          "attributes": {
            "arrays": null,
            "directories": null,
            "disks": null,
            "files": [
              "{\"group\":{},\"overwrite\":false,\"path\":\"/etc/hostname\",\"user\":{},\"contents\":{\"source\":\"data:text/plain;charset=utf-8;base64,TWVyY3VyeS0x\",\"verification\":{}},\"mode\":644}"
            ],
            "filesystems": null,
            "groups": null,
            "id": "9391a0f03b82030894bd8a926592df9f4d10f5a89992c98c6245a530935cb0c1",
            "kernel_arguments": null,
            "links": null,
            "luks": null,
            "merge": null,
            "rendered": "{\"ignition\":{\"config\":{\"replace\":{\"verification\":{}}},\"proxy\":{},\"security\":{\"tls\":{}},\"timeouts\":{},\"version\":\"3.4.0\"},\"kernelArguments\":{},\"passwd\":{\"users\":[{\"name\":\"core\",\"sshAuthorizedKeys\":[\"ssh-ed25519 AAAAC3NzaC1lZDI1NTE5AAAAIOR2IHHp5djKZZSfssIXYS1hz1qBFW2z90De4D4B63as astrosteveo@archimedes\\n\"]}]},\"storage\":{\"files\":[{\"group\":{},\"overwrite\":false,\"path\":\"/etc/hostname\",\"user\":{},\"contents\":{\"source\":\"data:text/plain;charset=utf-8;base64,TWVyY3VyeS0x\",\"verification\":{}},\"mode\":644}]},\"systemd\":{\"units\":[{\"contents\":\"[Unit]\\nDescription=Install RKE2 Server\\nAfter=network-online.target\\nWants=network-online.target\\nConditionPathExists=!/var/lib/rancher/rke2/rke2-server-install.done\\n\\n[Service]\\nType=oneshot\\nEnvironment=\\\"INSTALL_RKE2_METHOD=tar\\\"\\nEnvironment=\\\"INSTALL_RKE2_TYPE=server\\\"\\nExecStart=/bin/sh -c 'curl -sfL https://get.rke2.io | sh - \\u0026\\u0026 systemctl enable rke2-server.service \\u0026\\u0026 systemctl start rke2-server.service \\u0026\\u0026 echo \\\"KUBECONFIG=/etc/rancher/rke2/rke2.yaml\\\" | sudo tee -a /etc/environment'\\nRemainAfterExit=yes\\n\\n[Install]\\nWantedBy=multi-user.target\\n\",\"enabled\":true,\"name\":\"rke2-server-install.service\"},{\"contents\":\"[Unit]\\nDescription=Install Helm\\nAfter=network-online.target\\nWants=network-online.target\\nConditionPathExists=!/var/lib/rancher/rke2/helm-install.done\\n\\n[Service]\\nType=oneshot\\nExecStart=/bin/sh -c 'curl -fsSL https://raw.githubusercontent.com/helm/helm/main/scripts/get-helm-3 | sh -'\\nRemainAfterExit=yes\\n\\n[Install]\\nWantedBy=multi-user.target\\n\",\"enabled\":true,\"name\":\"helm-install.service\"}]}}",
            "replace": null,
            "systemd": [
              "{\"contents\":\"[Unit]\\nDescription=Install RKE2 Server\\nAfter=network-online.target\\nWants=network-online.target\\nConditionPathExists=!/var/lib/rancher/rke2/rke2-server-install.done\\n\\n[Service]\\nType=oneshot\\nEnvironment=\\\"INSTALL_RKE2_METHOD=tar\\\"\\nEnvironment=\\\"INSTALL_RKE2_TYPE=server\\\"\\nExecStart=/bin/sh -c 'curl -sfL https://get.rke2.io | sh - \\u0026\\u0026 systemctl enable rke2-server.service \\u0026\\u0026 systemctl start rke2-server.service \\u0026\\u0026 echo \\\"KUBECONFIG=/etc/rancher/rke2/rke2.yaml\\\" | sudo tee -a /etc/environment'\\nRemainAfterExit=yes\\n\\n[Install]\\nWantedBy=multi-user.target\\n\",\"enabled\":true,\"name\":\"rke2-server-install.service\"}",
              "{\"contents\":\"[Unit]\\nDescription=Install Helm\\nAfter=network-online.target\\nWants=network-online.target\\nConditionPathExists=!/var/lib/rancher/rke2/helm-install.done\\n\\n[Service]\\nType=oneshot\\nExecStart=/bin/sh -c 'curl -fsSL https://raw.githubusercontent.com/helm/helm/main/scripts/get-helm-3 | sh -'\\nRemainAfterExit=yes\\n\\n[Install]\\nWantedBy=multi-user.target\\n\",\"enabled\":true,\"name\":\"helm-install.service\"}"
            ],
            "tls_ca": null,
            "users": [
              "{\"name\":\"core\",\"sshAuthorizedKeys\":[\"ssh-ed25519 AAAAC3NzaC1lZDI1NTE5AAAAIOR2IHHp5djKZZSfssIXYS1hz1qBFW2z90De4D4B63as astrosteveo@archimedes\\n\"]}"
            ]
          },
          "sensitive_attributes": []
        }
      ]
    },
    {
      "mode": "data",
      "type": "ignition_config",
      "name": "worker_ignition",
      "provider": "provider[\"registry.terraform.io/community-terraform-providers/ignition\"]",
      "instances": [
        {
          "index_key": "Io-1",
          "schema_version": 0,
          "attributes": {
            "arrays": null,
            "directories": null,
            "disks": null,
            "files": [
              "{\"group\":{},\"overwrite\":false,\"path\":\"/etc/hostname\",\"user\":{},\"contents\":{\"source\":\"data:text/plain;charset=utf-8;base64,SW8tMQ==\",\"verification\":{}},\"mode\":644}",
              "{\"group\":{},\"overwrite\":false,\"path\":\"/etc/rancher/rke2/config.yaml\",\"user\":{},\"contents\":{\"source\":\"data:text/plain;charset=utf-8;base64,dG9rZW46IEsxMGMxNDM4N2M1ZTE3ZmM1NWZmYTEwYjc0ZWIzODgyNDgyYjNkYjc0Y2MzMTZjZjQ3NGEwNTc3NDJjYmQ1MTI2ZGM6OnNlcnZlcjowODJlYTljZGJjMGMzM2RjY2UzMGVmNWEyMGQ4MWE3OAoKc2VydmVyOiBodHRwczovLzE5Mi4xNjguMTI0Ljg2OjkzNDUK\",\"verification\":{}},\"mode\":644}"
            ],
            "filesystems": null,
            "groups": null,
            "id": "3397ea441b11c27ce676e7cb3ceafbf3393baa038bdc049fe8d9a616978d0eb9",
            "kernel_arguments": null,
            "links": null,
            "luks": null,
            "merge": null,
            "rendered": "{\"ignition\":{\"config\":{\"replace\":{\"verification\":{}}},\"proxy\":{},\"security\":{\"tls\":{}},\"timeouts\":{},\"version\":\"3.4.0\"},\"kernelArguments\":{},\"passwd\":{\"users\":[{\"name\":\"core\",\"sshAuthorizedKeys\":[\"ssh-ed25519 AAAAC3NzaC1lZDI1NTE5AAAAIOR2IHHp5djKZZSfssIXYS1hz1qBFW2z90De4D4B63as astrosteveo@archimedes\\n\"]}]},\"storage\":{\"files\":[{\"group\":{},\"overwrite\":false,\"path\":\"/etc/hostname\",\"user\":{},\"contents\":{\"source\":\"data:text/plain;charset=utf-8;base64,SW8tMQ==\",\"verification\":{}},\"mode\":644},{\"group\":{},\"overwrite\":false,\"path\":\"/etc/rancher/rke2/config.yaml\",\"user\":{},\"contents\":{\"source\":\"data:text/plain;charset=utf-8;base64,dG9rZW46IEsxMGMxNDM4N2M1ZTE3ZmM1NWZmYTEwYjc0ZWIzODgyNDgyYjNkYjc0Y2MzMTZjZjQ3NGEwNTc3NDJjYmQ1MTI2ZGM6OnNlcnZlcjowODJlYTljZGJjMGMzM2RjY2UzMGVmNWEyMGQ4MWE3OAoKc2VydmVyOiBodHRwczovLzE5Mi4xNjguMTI0Ljg2OjkzNDUK\",\"verification\":{}},\"mode\":644}]},\"systemd\":{\"units\":[{\"contents\":\"[Unit]\\nDescription=Install RKE2 Agent\\nAfter=network-online.target\\nWants=network-online.target\\nConditionPathExists=!/var/lib/rancher/rke2/rke2-agent-install.done\\n\\n[Service]\\nType=oneshot\\nEnvironment=\\\"INSTALL_RKE2_METHOD=tar\\\"\\nEnvironment=\\\"INSTALL_RKE2_TYPE=agent\\\"\\nExecStart=/bin/sh -c 'curl -sfL https://get.rke2.io | sh - \\u0026\\u0026 systemctl enable rke2-agent.service \\u0026\\u0026 systemctl start rke2-agent.service \\u0026\\u0026 touch /var/lib/rancher/rke2/rke2-agent-install.done'\\nRemainAfterExit=yes\\n\\n[Install]\\nWantedBy=multi-user.target\\n\",\"enabled\":true,\"name\":\"rke2-agent-install.service\"}]}}",
            "replace": null,
            "systemd": [
              "{\"contents\":\"[Unit]\\nDescription=Install RKE2 Agent\\nAfter=network-online.target\\nWants=network-online.target\\nConditionPathExists=!/var/lib/rancher/rke2/rke2-agent-install.done\\n\\n[Service]\\nType=oneshot\\nEnvironment=\\\"INSTALL_RKE2_METHOD=tar\\\"\\nEnvironment=\\\"INSTALL_RKE2_TYPE=agent\\\"\\nExecStart=/bin/sh -c 'curl -sfL https://get.rke2.io | sh - \\u0026\\u0026 systemctl enable rke2-agent.service \\u0026\\u0026 systemctl start rke2-agent.service \\u0026\\u0026 touch /var/lib/rancher/rke2/rke2-agent-install.done'\\nRemainAfterExit=yes\\n\\n[Install]\\nWantedBy=multi-user.target\\n\",\"enabled\":true,\"name\":\"rke2-agent-install.service\"}"
            ],
            "tls_ca": null,
            "users": [
              "{\"name\":\"core\",\"sshAuthorizedKeys\":[\"ssh-ed25519 AAAAC3NzaC1lZDI1NTE5AAAAIOR2IHHp5djKZZSfssIXYS1hz1qBFW2z90De4D4B63as astrosteveo@archimedes\\n\"]}"
            ]
          },
          "sensitive_attributes": []
        },
        {
          "index_key": "Io-2",
          "schema_version": 0,
          "attributes": {
            "arrays": null,
            "directories": null,
            "disks": null,
            "files": [
              "{\"group\":{},\"overwrite\":false,\"path\":\"/etc/hostname\",\"user\":{},\"contents\":{\"source\":\"data:text/plain;charset=utf-8;base64,SW8tMg==\",\"verification\":{}},\"mode\":644}",
              "{\"group\":{},\"overwrite\":false,\"path\":\"/etc/rancher/rke2/config.yaml\",\"user\":{},\"contents\":{\"source\":\"data:text/plain;charset=utf-8;base64,dG9rZW46IEsxMGMxNDM4N2M1ZTE3ZmM1NWZmYTEwYjc0ZWIzODgyNDgyYjNkYjc0Y2MzMTZjZjQ3NGEwNTc3NDJjYmQ1MTI2ZGM6OnNlcnZlcjowODJlYTljZGJjMGMzM2RjY2UzMGVmNWEyMGQ4MWE3OAoKc2VydmVyOiBodHRwczovLzE5Mi4xNjguMTI0Ljg2OjkzNDUK\",\"verification\":{}},\"mode\":644}"
            ],
            "filesystems": null,
            "groups": null,
            "id": "9671dc5d401c4d9a9d80a9f9d60043f313d2019fbbcc7c0b330a795fe23be1e1",
            "kernel_arguments": null,
            "links": null,
            "luks": null,
            "merge": null,
            "rendered": "{\"ignition\":{\"config\":{\"replace\":{\"verification\":{}}},\"proxy\":{},\"security\":{\"tls\":{}},\"timeouts\":{},\"version\":\"3.4.0\"},\"kernelArguments\":{},\"passwd\":{\"users\":[{\"name\":\"core\",\"sshAuthorizedKeys\":[\"ssh-ed25519 AAAAC3NzaC1lZDI1NTE5AAAAIOR2IHHp5djKZZSfssIXYS1hz1qBFW2z90De4D4B63as astrosteveo@archimedes\\n\"]}]},\"storage\":{\"files\":[{\"group\":{},\"overwrite\":false,\"path\":\"/etc/hostname\",\"user\":{},\"contents\":{\"source\":\"data:text/plain;charset=utf-8;base64,SW8tMg==\",\"verification\":{}},\"mode\":644},{\"group\":{},\"overwrite\":false,\"path\":\"/etc/rancher/rke2/config.yaml\",\"user\":{},\"contents\":{\"source\":\"data:text/plain;charset=utf-8;base64,dG9rZW46IEsxMGMxNDM4N2M1ZTE3ZmM1NWZmYTEwYjc0ZWIzODgyNDgyYjNkYjc0Y2MzMTZjZjQ3NGEwNTc3NDJjYmQ1MTI2ZGM6OnNlcnZlcjowODJlYTljZGJjMGMzM2RjY2UzMGVmNWEyMGQ4MWE3OAoKc2VydmVyOiBodHRwczovLzE5Mi4xNjguMTI0Ljg2OjkzNDUK\",\"verification\":{}},\"mode\":644}]},\"systemd\":{\"units\":[{\"contents\":\"[Unit]\\nDescription=Install RKE2 Agent\\nAfter=network-online.target\\nWants=network-online.target\\nConditionPathExists=!/var/lib/rancher/rke2/rke2-agent-install.done\\n\\n[Service]\\nType=oneshot\\nEnvironment=\\\"INSTALL_RKE2_METHOD=tar\\\"\\nEnvironment=\\\"INSTALL_RKE2_TYPE=agent\\\"\\nExecStart=/bin/sh -c 'curl -sfL https://get.rke2.io | sh - \\u0026\\u0026 systemctl enable rke2-agent.service \\u0026\\u0026 systemctl start rke2-agent.service \\u0026\\u0026 touch /var/lib/rancher/rke2/rke2-agent-install.done'\\nRemainAfterExit=yes\\n\\n[Install]\\nWantedBy=multi-user.target\\n\",\"enabled\":true,\"name\":\"rke2-agent-install.service\"}]}}",
            "replace": null,
            "systemd": [
              "{\"contents\":\"[Unit]\\nDescription=Install RKE2 Agent\\nAfter=network-online.target\\nWants=network-online.target\\nConditionPathExists=!/var/lib/rancher/rke2/rke2-agent-install.done\\n\\n[Service]\\nType=oneshot\\nEnvironment=\\\"INSTALL_RKE2_METHOD=tar\\\"\\nEnvironment=\\\"INSTALL_RKE2_TYPE=agent\\\"\\nExecStart=/bin/sh -c 'curl -sfL https://get.rke2.io | sh - \\u0026\\u0026 systemctl enable rke2-agent.service \\u0026\\u0026 systemctl start rke2-agent.service \\u0026\\u0026 touch /var/lib/rancher/rke2/rke2-agent-install.done'\\nRemainAfterExit=yes\\n\\n[Install]\\nWantedBy=multi-user.target\\n\",\"enabled\":true,\"name\":\"rke2-agent-install.service\"}"
            ],
            "tls_ca": null,
            "users": [
              "{\"name\":\"core\",\"sshAuthorizedKeys\":[\"ssh-ed25519 AAAAC3NzaC1lZDI1NTE5AAAAIOR2IHHp5djKZZSfssIXYS1hz1qBFW2z90De4D4B63as astrosteveo@archimedes\\n\"]}"
            ]
          },
          "sensitive_attributes": []
        },
        {
          "index_key": "Io-3",
          "schema_version": 0,
          "attributes": {
            "arrays": null,
            "directories": null,
            "disks": null,
            "files": [
              "{\"group\":{},\"overwrite\":false,\"path\":\"/etc/hostname\",\"user\":{},\"contents\":{\"source\":\"data:text/plain;charset=utf-8;base64,SW8tMw==\",\"verification\":{}},\"mode\":644}",
              "{\"group\":{},\"overwrite\":false,\"path\":\"/etc/rancher/rke2/config.yaml\",\"user\":{},\"contents\":{\"source\":\"data:text/plain;charset=utf-8;base64,dG9rZW46IEsxMGMxNDM4N2M1ZTE3ZmM1NWZmYTEwYjc0ZWIzODgyNDgyYjNkYjc0Y2MzMTZjZjQ3NGEwNTc3NDJjYmQ1MTI2ZGM6OnNlcnZlcjowODJlYTljZGJjMGMzM2RjY2UzMGVmNWEyMGQ4MWE3OAoKc2VydmVyOiBodHRwczovLzE5Mi4xNjguMTI0Ljg2OjkzNDUK\",\"verification\":{}},\"mode\":644}"
            ],
            "filesystems": null,
            "groups": null,
            "id": "1ea8faecb85a4f3e4005aa0643ad4ee766bda0afd4b4f587a4ae6d35f9b5613a",
            "kernel_arguments": null,
            "links": null,
            "luks": null,
            "merge": null,
            "rendered": "{\"ignition\":{\"config\":{\"replace\":{\"verification\":{}}},\"proxy\":{},\"security\":{\"tls\":{}},\"timeouts\":{},\"version\":\"3.4.0\"},\"kernelArguments\":{},\"passwd\":{\"users\":[{\"name\":\"core\",\"sshAuthorizedKeys\":[\"ssh-ed25519 AAAAC3NzaC1lZDI1NTE5AAAAIOR2IHHp5djKZZSfssIXYS1hz1qBFW2z90De4D4B63as astrosteveo@archimedes\\n\"]}]},\"storage\":{\"files\":[{\"group\":{},\"overwrite\":false,\"path\":\"/etc/hostname\",\"user\":{},\"contents\":{\"source\":\"data:text/plain;charset=utf-8;base64,SW8tMw==\",\"verification\":{}},\"mode\":644},{\"group\":{},\"overwrite\":false,\"path\":\"/etc/rancher/rke2/config.yaml\",\"user\":{},\"contents\":{\"source\":\"data:text/plain;charset=utf-8;base64,dG9rZW46IEsxMGMxNDM4N2M1ZTE3ZmM1NWZmYTEwYjc0ZWIzODgyNDgyYjNkYjc0Y2MzMTZjZjQ3NGEwNTc3NDJjYmQ1MTI2ZGM6OnNlcnZlcjowODJlYTljZGJjMGMzM2RjY2UzMGVmNWEyMGQ4MWE3OAoKc2VydmVyOiBodHRwczovLzE5Mi4xNjguMTI0Ljg2OjkzNDUK\",\"verification\":{}},\"mode\":644}]},\"systemd\":{\"units\":[{\"contents\":\"[Unit]\\nDescription=Install RKE2 Agent\\nAfter=network-online.target\\nWants=network-online.target\\nConditionPathExists=!/var/lib/rancher/rke2/rke2-agent-install.done\\n\\n[Service]\\nType=oneshot\\nEnvironment=\\\"INSTALL_RKE2_METHOD=tar\\\"\\nEnvironment=\\\"INSTALL_RKE2_TYPE=agent\\\"\\nExecStart=/bin/sh -c 'curl -sfL https://get.rke2.io | sh - \\u0026\\u0026 systemctl enable rke2-agent.service \\u0026\\u0026 systemctl start rke2-agent.service \\u0026\\u0026 touch /var/lib/rancher/rke2/rke2-agent-install.done'\\nRemainAfterExit=yes\\n\\n[Install]\\nWantedBy=multi-user.target\\n\",\"enabled\":true,\"name\":\"rke2-agent-install.service\"}]}}",
            "replace": null,
            "systemd": [
              "{\"contents\":\"[Unit]\\nDescription=Install RKE2 Agent\\nAfter=network-online.target\\nWants=network-online.target\\nConditionPathExists=!/var/lib/rancher/rke2/rke2-agent-install.done\\n\\n[Service]\\nType=oneshot\\nEnvironment=\\\"INSTALL_RKE2_METHOD=tar\\\"\\nEnvironment=\\\"INSTALL_RKE2_TYPE=agent\\\"\\nExecStart=/bin/sh -c 'curl -sfL https://get.rke2.io | sh - \\u0026\\u0026 systemctl enable rke2-agent.service \\u0026\\u0026 systemctl start rke2-agent.service \\u0026\\u0026 touch /var/lib/rancher/rke2/rke2-agent-install.done'\\nRemainAfterExit=yes\\n\\n[Install]\\nWantedBy=multi-user.target\\n\",\"enabled\":true,\"name\":\"rke2-agent-install.service\"}"
            ],
            "tls_ca": null,
            "users": [
              "{\"name\":\"core\",\"sshAuthorizedKeys\":[\"ssh-ed25519 AAAAC3NzaC1lZDI1NTE5AAAAIOR2IHHp5djKZZSfssIXYS1hz1qBFW2z90De4D4B63as astrosteveo@archimedes\\n\"]}"
            ]
          },
          "sensitive_attributes": []
        },
        {
          "index_key": "Io-4",
          "schema_version": 0,
          "attributes": {
            "arrays": null,
            "directories": null,
            "disks": null,
            "files": [
              "{\"group\":{},\"overwrite\":false,\"path\":\"/etc/hostname\",\"user\":{},\"contents\":{\"source\":\"data:text/plain;charset=utf-8;base64,SW8tNA==\",\"verification\":{}},\"mode\":644}",
              "{\"group\":{},\"overwrite\":false,\"path\":\"/etc/rancher/rke2/config.yaml\",\"user\":{},\"contents\":{\"source\":\"data:text/plain;charset=utf-8;base64,dG9rZW46IEsxMGMxNDM4N2M1ZTE3ZmM1NWZmYTEwYjc0ZWIzODgyNDgyYjNkYjc0Y2MzMTZjZjQ3NGEwNTc3NDJjYmQ1MTI2ZGM6OnNlcnZlcjowODJlYTljZGJjMGMzM2RjY2UzMGVmNWEyMGQ4MWE3OAoKc2VydmVyOiBodHRwczovLzE5Mi4xNjguMTI0Ljg2OjkzNDUK\",\"verification\":{}},\"mode\":644}"
            ],
            "filesystems": null,
            "groups": null,
            "id": "2ea4fe1e2cee6a4938f95f757f2e501178aa5bbdba2ba4d730ad5af9e9e795dd",
            "kernel_arguments": null,
            "links": null,
            "luks": null,
            "merge": null,
            "rendered": "{\"ignition\":{\"config\":{\"replace\":{\"verification\":{}}},\"proxy\":{},\"security\":{\"tls\":{}},\"timeouts\":{},\"version\":\"3.4.0\"},\"kernelArguments\":{},\"passwd\":{\"users\":[{\"name\":\"core\",\"sshAuthorizedKeys\":[\"ssh-ed25519 AAAAC3NzaC1lZDI1NTE5AAAAIOR2IHHp5djKZZSfssIXYS1hz1qBFW2z90De4D4B63as astrosteveo@archimedes\\n\"]}]},\"storage\":{\"files\":[{\"group\":{},\"overwrite\":false,\"path\":\"/etc/hostname\",\"user\":{},\"contents\":{\"source\":\"data:text/plain;charset=utf-8;base64,SW8tNA==\",\"verification\":{}},\"mode\":644},{\"group\":{},\"overwrite\":false,\"path\":\"/etc/rancher/rke2/config.yaml\",\"user\":{},\"contents\":{\"source\":\"data:text/plain;charset=utf-8;base64,dG9rZW46IEsxMGMxNDM4N2M1ZTE3ZmM1NWZmYTEwYjc0ZWIzODgyNDgyYjNkYjc0Y2MzMTZjZjQ3NGEwNTc3NDJjYmQ1MTI2ZGM6OnNlcnZlcjowODJlYTljZGJjMGMzM2RjY2UzMGVmNWEyMGQ4MWE3OAoKc2VydmVyOiBodHRwczovLzE5Mi4xNjguMTI0Ljg2OjkzNDUK\",\"verification\":{}},\"mode\":644}]},\"systemd\":{\"units\":[{\"contents\":\"[Unit]\\nDescription=Install RKE2 Agent\\nAfter=network-online.target\\nWants=network-online.target\\nConditionPathExists=!/var/lib/rancher/rke2/rke2-agent-install.done\\n\\n[Service]\\nType=oneshot\\nEnvironment=\\\"INSTALL_RKE2_METHOD=tar\\\"\\nEnvironment=\\\"INSTALL_RKE2_TYPE=agent\\\"\\nExecStart=/bin/sh -c 'curl -sfL https://get.rke2.io | sh - \\u0026\\u0026 systemctl enable rke2-agent.service \\u0026\\u0026 systemctl start rke2-agent.service \\u0026\\u0026 touch /var/lib/rancher/rke2/rke2-agent-install.done'\\nRemainAfterExit=yes\\n\\n[Install]\\nWantedBy=multi-user.target\\n\",\"enabled\":true,\"name\":\"rke2-agent-install.service\"}]}}",
            "replace": null,
            "systemd": [
              "{\"contents\":\"[Unit]\\nDescription=Install RKE2 Agent\\nAfter=network-online.target\\nWants=network-online.target\\nConditionPathExists=!/var/lib/rancher/rke2/rke2-agent-install.done\\n\\n[Service]\\nType=oneshot\\nEnvironment=\\\"INSTALL_RKE2_METHOD=tar\\\"\\nEnvironment=\\\"INSTALL_RKE2_TYPE=agent\\\"\\nExecStart=/bin/sh -c 'curl -sfL https://get.rke2.io | sh - \\u0026\\u0026 systemctl enable rke2-agent.service \\u0026\\u0026 systemctl start rke2-agent.service \\u0026\\u0026 touch /var/lib/rancher/rke2/rke2-agent-install.done'\\nRemainAfterExit=yes\\n\\n[Install]\\nWantedBy=multi-user.target\\n\",\"enabled\":true,\"name\":\"rke2-agent-install.service\"}"
            ],
            "tls_ca": null,
            "users": [
              "{\"name\":\"core\",\"sshAuthorizedKeys\":[\"ssh-ed25519 AAAAC3NzaC1lZDI1NTE5AAAAIOR2IHHp5djKZZSfssIXYS1hz1qBFW2z90De4D4B63as astrosteveo@archimedes\\n\"]}"
            ]
          },
          "sensitive_attributes": []
        }
      ]
    },
    {
      "mode": "data",
      "type": "ignition_file",
      "name": "control_hostname",
      "provider": "provider[\"registry.terraform.io/community-terraform-providers/ignition\"]",
      "instances": [
        {
          "index_key": "Mercury-1",
          "schema_version": 0,
          "attributes": {
            "content": [
              {
                "content": "Mercury-1",
                "mime": "text/plain"
              }
            ],
            "gid": null,
            "id": "3611aa909e89308224b3ffcbe1777734711cc39a6a112f72bd1f738d277d3a6f",
            "mode": 644,
            "overwrite": false,
            "path": "/etc/hostname",
            "rendered": "{\"group\":{},\"overwrite\":false,\"path\":\"/etc/hostname\",\"user\":{},\"contents\":{\"source\":\"data:text/plain;charset=utf-8;base64,TWVyY3VyeS0x\",\"verification\":{}},\"mode\":644}",
            "source": null,
            "uid": null
          },
          "sensitive_attributes": []
        }
      ]
    },
    {
      "mode": "data",
      "type": "ignition_file",
      "name": "worker_hostname",
      "provider": "provider[\"registry.terraform.io/community-terraform-providers/ignition\"]",
      "instances": [
        {
          "index_key": "Io-1",
          "schema_version": 0,
          "attributes": {
            "content": [
              {
                "content": "Io-1",
                "mime": "text/plain"
              }
            ],
            "gid": null,
            "id": "588d086ee692649a466caf5f4352e4ceb404b6148ae37e5b28843b9aba931470",
            "mode": 644,
            "overwrite": false,
            "path": "/etc/hostname",
            "rendered": "{\"group\":{},\"overwrite\":false,\"path\":\"/etc/hostname\",\"user\":{},\"contents\":{\"source\":\"data:text/plain;charset=utf-8;base64,SW8tMQ==\",\"verification\":{}},\"mode\":644}",
            "source": null,
            "uid": null
          },
          "sensitive_attributes": []
        },
        {
          "index_key": "Io-2",
          "schema_version": 0,
          "attributes": {
            "content": [
              {
                "content": "Io-2",
                "mime": "text/plain"
              }
            ],
            "gid": null,
            "id": "48f725b8cab33bfc0cbfbde93a5cdcd2f1671ab42251adbab8cbb2c2ae7c58aa",
            "mode": 644,
            "overwrite": false,
            "path": "/etc/hostname",
            "rendered": "{\"group\":{},\"overwrite\":false,\"path\":\"/etc/hostname\",\"user\":{},\"contents\":{\"source\":\"data:text/plain;charset=utf-8;base64,SW8tMg==\",\"verification\":{}},\"mode\":644}",
            "source": null,
            "uid": null
          },
          "sensitive_attributes": []
        },
        {
          "index_key": "Io-3",
          "schema_version": 0,
          "attributes": {
            "content": [
              {
                "content": "Io-3",
                "mime": "text/plain"
              }
            ],
            "gid": null,
            "id": "814f54bffb80915a7fcd2d0ec288921cf9a6c4016e776401eb9b0e99c22f9cc4",
            "mode": 644,
            "overwrite": false,
            "path": "/etc/hostname",
            "rendered": "{\"group\":{},\"overwrite\":false,\"path\":\"/etc/hostname\",\"user\":{},\"contents\":{\"source\":\"data:text/plain;charset=utf-8;base64,SW8tMw==\",\"verification\":{}},\"mode\":644}",
            "source": null,
            "uid": null
          },
          "sensitive_attributes": []
        },
        {
          "index_key": "Io-4",
          "schema_version": 0,
          "attributes": {
            "content": [
              {
                "content": "Io-4",
                "mime": "text/plain"
              }
            ],
            "gid": null,
            "id": "dd31acf4b8d962f25ff563f2bbb5ffa6b7c1f45e0281fe2d548113609d6964b5",
            "mode": 644,
            "overwrite": false,
            "path": "/etc/hostname",
            "rendered": "{\"group\":{},\"overwrite\":false,\"path\":\"/etc/hostname\",\"user\":{},\"contents\":{\"source\":\"data:text/plain;charset=utf-8;base64,SW8tNA==\",\"verification\":{}},\"mode\":644}",
            "source": null,
            "uid": null
          },
          "sensitive_attributes": []
        }
      ]
    },
    {
      "mode": "data",
      "type": "ignition_file",
      "name": "worker_rke2_config",
      "provider": "provider[\"registry.terraform.io/community-terraform-providers/ignition\"]",
      "instances": [
        {
          "index_key": "Io-1",
          "schema_version": 0,
          "attributes": {
            "content": [
              {
                "content": "token: K10c14387c5e17fc55ffa10b74eb3882482b3db74cc316cf474a057742cbd5126dc::server:082ea9cdbc0c33dcce30ef5a20d81a78\n\nserver: https://192.168.124.86:9345\n",
                "mime": "text/plain"
              }
            ],
            "gid": null,
            "id": "e11904647df8246b4f47504b3e15754ce9416ac74ceb45aeea9673b8025c61ae",
            "mode": 644,
            "overwrite": false,
            "path": "/etc/rancher/rke2/config.yaml",
            "rendered": "{\"group\":{},\"overwrite\":false,\"path\":\"/etc/rancher/rke2/config.yaml\",\"user\":{},\"contents\":{\"source\":\"data:text/plain;charset=utf-8;base64,dG9rZW46IEsxMGMxNDM4N2M1ZTE3ZmM1NWZmYTEwYjc0ZWIzODgyNDgyYjNkYjc0Y2MzMTZjZjQ3NGEwNTc3NDJjYmQ1MTI2ZGM6OnNlcnZlcjowODJlYTljZGJjMGMzM2RjY2UzMGVmNWEyMGQ4MWE3OAoKc2VydmVyOiBodHRwczovLzE5Mi4xNjguMTI0Ljg2OjkzNDUK\",\"verification\":{}},\"mode\":644}",
            "source": null,
            "uid": null
          },
          "sensitive_attributes": []
        },
        {
          "index_key": "Io-2",
          "schema_version": 0,
          "attributes": {
            "content": [
              {
                "content": "token: K10c14387c5e17fc55ffa10b74eb3882482b3db74cc316cf474a057742cbd5126dc::server:082ea9cdbc0c33dcce30ef5a20d81a78\n\nserver: https://192.168.124.86:9345\n",
                "mime": "text/plain"
              }
            ],
            "gid": null,
            "id": "e11904647df8246b4f47504b3e15754ce9416ac74ceb45aeea9673b8025c61ae",
            "mode": 644,
            "overwrite": false,
            "path": "/etc/rancher/rke2/config.yaml",
            "rendered": "{\"group\":{},\"overwrite\":false,\"path\":\"/etc/rancher/rke2/config.yaml\",\"user\":{},\"contents\":{\"source\":\"data:text/plain;charset=utf-8;base64,dG9rZW46IEsxMGMxNDM4N2M1ZTE3ZmM1NWZmYTEwYjc0ZWIzODgyNDgyYjNkYjc0Y2MzMTZjZjQ3NGEwNTc3NDJjYmQ1MTI2ZGM6OnNlcnZlcjowODJlYTljZGJjMGMzM2RjY2UzMGVmNWEyMGQ4MWE3OAoKc2VydmVyOiBodHRwczovLzE5Mi4xNjguMTI0Ljg2OjkzNDUK\",\"verification\":{}},\"mode\":644}",
            "source": null,
            "uid": null
          },
          "sensitive_attributes": []
        },
        {
          "index_key": "Io-3",
          "schema_version": 0,
          "attributes": {
            "content": [
              {
                "content": "token: K10c14387c5e17fc55ffa10b74eb3882482b3db74cc316cf474a057742cbd5126dc::server:082ea9cdbc0c33dcce30ef5a20d81a78\n\nserver: https://192.168.124.86:9345\n",
                "mime": "text/plain"
              }
            ],
            "gid": null,
            "id": "e11904647df8246b4f47504b3e15754ce9416ac74ceb45aeea9673b8025c61ae",
            "mode": 644,
            "overwrite": false,
            "path": "/etc/rancher/rke2/config.yaml",
            "rendered": "{\"group\":{},\"overwrite\":false,\"path\":\"/etc/rancher/rke2/config.yaml\",\"user\":{},\"contents\":{\"source\":\"data:text/plain;charset=utf-8;base64,dG9rZW46IEsxMGMxNDM4N2M1ZTE3ZmM1NWZmYTEwYjc0ZWIzODgyNDgyYjNkYjc0Y2MzMTZjZjQ3NGEwNTc3NDJjYmQ1MTI2ZGM6OnNlcnZlcjowODJlYTljZGJjMGMzM2RjY2UzMGVmNWEyMGQ4MWE3OAoKc2VydmVyOiBodHRwczovLzE5Mi4xNjguMTI0Ljg2OjkzNDUK\",\"verification\":{}},\"mode\":644}",
            "source": null,
            "uid": null
          },
          "sensitive_attributes": []
        },
        {
          "index_key": "Io-4",
          "schema_version": 0,
          "attributes": {
            "content": [
              {
                "content": "token: K10c14387c5e17fc55ffa10b74eb3882482b3db74cc316cf474a057742cbd5126dc::server:082ea9cdbc0c33dcce30ef5a20d81a78\n\nserver: https://192.168.124.86:9345\n",
                "mime": "text/plain"
              }
            ],
            "gid": null,
            "id": "e11904647df8246b4f47504b3e15754ce9416ac74ceb45aeea9673b8025c61ae",
            "mode": 644,
            "overwrite": false,
            "path": "/etc/rancher/rke2/config.yaml",
            "rendered": "{\"group\":{},\"overwrite\":false,\"path\":\"/etc/rancher/rke2/config.yaml\",\"user\":{},\"contents\":{\"source\":\"data:text/plain;charset=utf-8;base64,dG9rZW46IEsxMGMxNDM4N2M1ZTE3ZmM1NWZmYTEwYjc0ZWIzODgyNDgyYjNkYjc0Y2MzMTZjZjQ3NGEwNTc3NDJjYmQ1MTI2ZGM6OnNlcnZlcjowODJlYTljZGJjMGMzM2RjY2UzMGVmNWEyMGQ4MWE3OAoKc2VydmVyOiBodHRwczovLzE5Mi4xNjguMTI0Ljg2OjkzNDUK\",\"verification\":{}},\"mode\":644}",
            "source": null,
            "uid": null
          },
          "sensitive_attributes": []
        }
      ]
    },
    {
      "mode": "data",
      "type": "ignition_systemd_unit",
      "name": "control_helm_install",
      "provider": "provider[\"registry.terraform.io/community-terraform-providers/ignition\"]",
      "instances": [
        {
          "index_key": "Mercury-1",
          "schema_version": 0,
          "attributes": {
            "content": "[Unit]\nDescription=Install Helm\nAfter=network-online.target\nWants=network-online.target\nConditionPathExists=!/var/lib/rancher/rke2/helm-install.done\n\n[Service]\nType=oneshot\nExecStart=/bin/sh -c 'curl -fsSL https://raw.githubusercontent.com/helm/helm/main/scripts/get-helm-3 | sh -'\nRemainAfterExit=yes\n\n[Install]\nWantedBy=multi-user.target\n",
            "dropin": null,
            "enabled": true,
            "id": "8b4e7f788e89052f87968f9ea7281e76d50db02720f076970ed8faf4dd8dcfa8",
            "mask": null,
            "name": "helm-install.service",
            "rendered": "{\"contents\":\"[Unit]\\nDescription=Install Helm\\nAfter=network-online.target\\nWants=network-online.target\\nConditionPathExists=!/var/lib/rancher/rke2/helm-install.done\\n\\n[Service]\\nType=oneshot\\nExecStart=/bin/sh -c 'curl -fsSL https://raw.githubusercontent.com/helm/helm/main/scripts/get-helm-3 | sh -'\\nRemainAfterExit=yes\\n\\n[Install]\\nWantedBy=multi-user.target\\n\",\"enabled\":true,\"name\":\"helm-install.service\"}"
          },
          "sensitive_attributes": []
        }
      ]
    },
    {
      "mode": "data",
      "type": "ignition_systemd_unit",
      "name": "control_rke2_install",
      "provider": "provider[\"registry.terraform.io/community-terraform-providers/ignition\"]",
      "instances": [
        {
          "index_key": "Mercury-1",
          "schema_version": 0,
          "attributes": {
            "content": "[Unit]\nDescription=Install RKE2 Server\nAfter=network-online.target\nWants=network-online.target\nConditionPathExists=!/var/lib/rancher/rke2/rke2-server-install.done\n\n[Service]\nType=oneshot\nEnvironment=\"INSTALL_RKE2_METHOD=tar\"\nEnvironment=\"INSTALL_RKE2_TYPE=server\"\nExecStart=/bin/sh -c 'curl -sfL https://get.rke2.io | sh - \u0026\u0026 systemctl enable rke2-server.service \u0026\u0026 systemctl start rke2-server.service \u0026\u0026 echo \"KUBECONFIG=/etc/rancher/rke2/rke2.yaml\" | sudo tee -a /etc/environment'\nRemainAfterExit=yes\n\n[Install]\nWantedBy=multi-user.target\n",
            "dropin": null,
            "enabled": true,
            "id": "eb02ef7e80fd9c69dc331960d9655090c543ab6cab61cf5b29758853ee01541e",
            "mask": null,
            "name": "rke2-server-install.service",
            "rendered": "{\"contents\":\"[Unit]\\nDescription=Install RKE2 Server\\nAfter=network-online.target\\nWants=network-online.target\\nConditionPathExists=!/var/lib/rancher/rke2/rke2-server-install.done\\n\\n[Service]\\nType=oneshot\\nEnvironment=\\\"INSTALL_RKE2_METHOD=tar\\\"\\nEnvironment=\\\"INSTALL_RKE2_TYPE=server\\\"\\nExecStart=/bin/sh -c 'curl -sfL https://get.rke2.io | sh - \\u0026\\u0026 systemctl enable rke2-server.service \\u0026\\u0026 systemctl start rke2-server.service \\u0026\\u0026 echo \\\"KUBECONFIG=/etc/rancher/rke2/rke2.yaml\\\" | sudo tee -a /etc/environment'\\nRemainAfterExit=yes\\n\\n[Install]\\nWantedBy=multi-user.target\\n\",\"enabled\":true,\"name\":\"rke2-server-install.service\"}"
          },
          "sensitive_attributes": []
        }
      ]
    },
    {
      "mode": "data",
      "type": "ignition_systemd_unit",
      "name": "worker_rke2_install",
      "provider": "provider[\"registry.terraform.io/community-terraform-providers/ignition\"]",
      "instances": [
        {
          "index_key": "Io-1",
          "schema_version": 0,
          "attributes": {
            "content": "[Unit]\nDescription=Install RKE2 Agent\nAfter=network-online.target\nWants=network-online.target\nConditionPathExists=!/var/lib/rancher/rke2/rke2-agent-install.done\n\n[Service]\nType=oneshot\nEnvironment=\"INSTALL_RKE2_METHOD=tar\"\nEnvironment=\"INSTALL_RKE2_TYPE=agent\"\nExecStart=/bin/sh -c 'curl -sfL https://get.rke2.io | sh - \u0026\u0026 systemctl enable rke2-agent.service \u0026\u0026 systemctl start rke2-agent.service \u0026\u0026 touch /var/lib/rancher/rke2/rke2-agent-install.done'\nRemainAfterExit=yes\n\n[Install]\nWantedBy=multi-user.target\n",
            "dropin": null,
            "enabled": true,
            "id": "0a3a49961a56973c2f28c3716dd9d1df1ad065069b899db938894c4a6041e044",
            "mask": null,
            "name": "rke2-agent-install.service",
            "rendered": "{\"contents\":\"[Unit]\\nDescription=Install RKE2 Agent\\nAfter=network-online.target\\nWants=network-online.target\\nConditionPathExists=!/var/lib/rancher/rke2/rke2-agent-install.done\\n\\n[Service]\\nType=oneshot\\nEnvironment=\\\"INSTALL_RKE2_METHOD=tar\\\"\\nEnvironment=\\\"INSTALL_RKE2_TYPE=agent\\\"\\nExecStart=/bin/sh -c 'curl -sfL https://get.rke2.io | sh - \\u0026\\u0026 systemctl enable rke2-agent.service \\u0026\\u0026 systemctl start rke2-agent.service \\u0026\\u0026 touch /var/lib/rancher/rke2/rke2-agent-install.done'\\nRemainAfterExit=yes\\n\\n[Install]\\nWantedBy=multi-user.target\\n\",\"enabled\":true,\"name\":\"rke2-agent-install.service\"}"
          },
          "sensitive_attributes": []
        },
        {
          "index_key": "Io-2",
          "schema_version": 0,
          "attributes": {
            "content": "[Unit]\nDescription=Install RKE2 Agent\nAfter=network-online.target\nWants=network-online.target\nConditionPathExists=!/var/lib/rancher/rke2/rke2-agent-install.done\n\n[Service]\nType=oneshot\nEnvironment=\"INSTALL_RKE2_METHOD=tar\"\nEnvironment=\"INSTALL_RKE2_TYPE=agent\"\nExecStart=/bin/sh -c 'curl -sfL https://get.rke2.io | sh - \u0026\u0026 systemctl enable rke2-agent.service \u0026\u0026 systemctl start rke2-agent.service \u0026\u0026 touch /var/lib/rancher/rke2/rke2-agent-install.done'\nRemainAfterExit=yes\n\n[Install]\nWantedBy=multi-user.target\n",
            "dropin": null,
            "enabled": true,
            "id": "0a3a49961a56973c2f28c3716dd9d1df1ad065069b899db938894c4a6041e044",
            "mask": null,
            "name": "rke2-agent-install.service",
            "rendered": "{\"contents\":\"[Unit]\\nDescription=Install RKE2 Agent\\nAfter=network-online.target\\nWants=network-online.target\\nConditionPathExists=!/var/lib/rancher/rke2/rke2-agent-install.done\\n\\n[Service]\\nType=oneshot\\nEnvironment=\\\"INSTALL_RKE2_METHOD=tar\\\"\\nEnvironment=\\\"INSTALL_RKE2_TYPE=agent\\\"\\nExecStart=/bin/sh -c 'curl -sfL https://get.rke2.io | sh - \\u0026\\u0026 systemctl enable rke2-agent.service \\u0026\\u0026 systemctl start rke2-agent.service \\u0026\\u0026 touch /var/lib/rancher/rke2/rke2-agent-install.done'\\nRemainAfterExit=yes\\n\\n[Install]\\nWantedBy=multi-user.target\\n\",\"enabled\":true,\"name\":\"rke2-agent-install.service\"}"
          },
          "sensitive_attributes": []
        },
        {
          "index_key": "Io-3",
          "schema_version": 0,
          "attributes": {
            "content": "[Unit]\nDescription=Install RKE2 Agent\nAfter=network-online.target\nWants=network-online.target\nConditionPathExists=!/var/lib/rancher/rke2/rke2-agent-install.done\n\n[Service]\nType=oneshot\nEnvironment=\"INSTALL_RKE2_METHOD=tar\"\nEnvironment=\"INSTALL_RKE2_TYPE=agent\"\nExecStart=/bin/sh -c 'curl -sfL https://get.rke2.io | sh - \u0026\u0026 systemctl enable rke2-agent.service \u0026\u0026 systemctl start rke2-agent.service \u0026\u0026 touch /var/lib/rancher/rke2/rke2-agent-install.done'\nRemainAfterExit=yes\n\n[Install]\nWantedBy=multi-user.target\n",
            "dropin": null,
            "enabled": true,
            "id": "0a3a49961a56973c2f28c3716dd9d1df1ad065069b899db938894c4a6041e044",
            "mask": null,
            "name": "rke2-agent-install.service",
            "rendered": "{\"contents\":\"[Unit]\\nDescription=Install RKE2 Agent\\nAfter=network-online.target\\nWants=network-online.target\\nConditionPathExists=!/var/lib/rancher/rke2/rke2-agent-install.done\\n\\n[Service]\\nType=oneshot\\nEnvironment=\\\"INSTALL_RKE2_METHOD=tar\\\"\\nEnvironment=\\\"INSTALL_RKE2_TYPE=agent\\\"\\nExecStart=/bin/sh -c 'curl -sfL https://get.rke2.io | sh - \\u0026\\u0026 systemctl enable rke2-agent.service \\u0026\\u0026 systemctl start rke2-agent.service \\u0026\\u0026 touch /var/lib/rancher/rke2/rke2-agent-install.done'\\nRemainAfterExit=yes\\n\\n[Install]\\nWantedBy=multi-user.target\\n\",\"enabled\":true,\"name\":\"rke2-agent-install.service\"}"
          },
          "sensitive_attributes": []
        },
        {
          "index_key": "Io-4",
          "schema_version": 0,
          "attributes": {
            "content": "[Unit]\nDescription=Install RKE2 Agent\nAfter=network-online.target\nWants=network-online.target\nConditionPathExists=!/var/lib/rancher/rke2/rke2-agent-install.done\n\n[Service]\nType=oneshot\nEnvironment=\"INSTALL_RKE2_METHOD=tar\"\nEnvironment=\"INSTALL_RKE2_TYPE=agent\"\nExecStart=/bin/sh -c 'curl -sfL https://get.rke2.io | sh - \u0026\u0026 systemctl enable rke2-agent.service \u0026\u0026 systemctl start rke2-agent.service \u0026\u0026 touch /var/lib/rancher/rke2/rke2-agent-install.done'\nRemainAfterExit=yes\n\n[Install]\nWantedBy=multi-user.target\n",
            "dropin": null,
            "enabled": true,
            "id": "0a3a49961a56973c2f28c3716dd9d1df1ad065069b899db938894c4a6041e044",
            "mask": null,
            "name": "rke2-agent-install.service",
            "rendered": "{\"contents\":\"[Unit]\\nDescription=Install RKE2 Agent\\nAfter=network-online.target\\nWants=network-online.target\\nConditionPathExists=!/var/lib/rancher/rke2/rke2-agent-install.done\\n\\n[Service]\\nType=oneshot\\nEnvironment=\\\"INSTALL_RKE2_METHOD=tar\\\"\\nEnvironment=\\\"INSTALL_RKE2_TYPE=agent\\\"\\nExecStart=/bin/sh -c 'curl -sfL https://get.rke2.io | sh - \\u0026\\u0026 systemctl enable rke2-agent.service \\u0026\\u0026 systemctl start rke2-agent.service \\u0026\\u0026 touch /var/lib/rancher/rke2/rke2-agent-install.done'\\nRemainAfterExit=yes\\n\\n[Install]\\nWantedBy=multi-user.target\\n\",\"enabled\":true,\"name\":\"rke2-agent-install.service\"}"
          },
          "sensitive_attributes": []
        }
      ]
    },
    {
      "mode": "data",
      "type": "ignition_user",
      "name": "core",
      "provider": "provider[\"registry.terraform.io/community-terraform-providers/ignition\"]",
      "instances": [
        {
          "schema_version": 0,
          "attributes": {
            "gecos": null,
            "groups": null,
            "home_dir": null,
            "id": "0be8cb15eba8eaa685f8a65999cf965a51abf114211e7db62fc64749f747a11f",
            "name": "core",
            "no_create_home": null,
            "no_log_init": null,
            "no_user_group": null,
            "password_hash": null,
            "primary_group": null,
            "rendered": "{\"name\":\"core\",\"sshAuthorizedKeys\":[\"ssh-ed25519 AAAAC3NzaC1lZDI1NTE5AAAAIOR2IHHp5djKZZSfssIXYS1hz1qBFW2z90De4D4B63as astrosteveo@archimedes\\n\"]}",
            "shell": null,
            "ssh_authorized_keys": [
              "ssh-ed25519 AAAAC3NzaC1lZDI1NTE5AAAAIOR2IHHp5djKZZSfssIXYS1hz1qBFW2z90De4D4B63as astrosteveo@archimedes\n"
            ],
            "system": null,
            "uid": null
          },
          "sensitive_attributes": []
        }
      ]
    },
    {
      "mode": "data",
      "type": "local_file",
      "name": "control_token",
      "provider": "provider[\"registry.terraform.io/hashicorp/local\"]",
      "instances": [
        {
          "schema_version": 0,
          "attributes": {
            "content": "K10c14387c5e17fc55ffa10b74eb3882482b3db74cc316cf474a057742cbd5126dc::server:082ea9cdbc0c33dcce30ef5a20d81a78\n",
            "content_base64": "SzEwYzE0Mzg3YzVlMTdmYzU1ZmZhMTBiNzRlYjM4ODI0ODJiM2RiNzRjYzMxNmNmNDc0YTA1Nzc0MmNiZDUxMjZkYzo6c2VydmVyOjA4MmVhOWNkYmMwYzMzZGNjZTMwZWY1YTIwZDgxYTc4Cg==",
            "content_base64sha256": "vzNxmXSByRVu+iT3K5bh4hdW1RL1jn9lj+4QbUG/CMs=",
            "content_base64sha512": "qq4vAAL2GearFRJTn847YF6nSNprk2LnSienBhUpz3LZ/bhHGGQTAmDuvdN7VAyk/HUA7w8dKEy/1q2rTrqhYg==",
            "content_md5": "cdff77def77e0079c5230e97174d31b4",
            "content_sha1": "497d44a9235fa200d6f7f8e835843d2d90cdcd78",
            "content_sha256": "bf3371997481c9156efa24f72b96e1e21756d512f58e7f658fee106d41bf08cb",
            "content_sha512": "aaae2f0002f619e6ab1512539fce3b605ea748da6b9362e74a27a7061529cf72d9fdb8471864130260eebdd37b540ca4fc7500ef0f1d284cbfd6adab4ebaa162",
            "filename": "./control_token.txt",
            "id": "497d44a9235fa200d6f7f8e835843d2d90cdcd78"
          },
          "sensitive_attributes": []
        }
      ]
    },
    {
      "mode": "data",
      "type": "local_file",
      "name": "ssh_key",
      "provider": "provider[\"registry.terraform.io/hashicorp/local\"]",
      "instances": [
        {
          "schema_version": 0,
          "attributes": {
            "content": "ssh-ed25519 AAAAC3NzaC1lZDI1NTE5AAAAIOR2IHHp5djKZZSfssIXYS1hz1qBFW2z90De4D4B63as astrosteveo@archimedes\n",
            "content_base64": "c3NoLWVkMjU1MTkgQUFBQUMzTnphQzFsWkRJMU5URTVBQUFBSU9SMklISHA1ZGpLWlpTZnNzSVhZUzFoejFxQkZXMno5MERlNEQ0QjYzYXMgYXN0cm9zdGV2ZW9AYXJjaGltZWRlcwo=",
            "content_base64sha256": "rsIH6eBvr4hJ95/OQDVPbgqxSAusyWtjvx1EjJ8zHGI=",
            "content_base64sha512": "YRSIR1uuvA9DXF2JW55N0DTQxLBg7SOeAo0STW3iUUwCRbGFNJJhLv22IB01pCEuHmBSrySfAWIhTw0B6AVmkw==",
            "content_md5": "ba17a273e387e3e94f87cf49f24b5b37",
            "content_sha1": "58e27e2489c5a8526971f9ea71c63f0856e97c99",
            "content_sha256": "aec207e9e06faf8849f79fce40354f6e0ab1480bacc96b63bf1d448c9f331c62",
            "content_sha512": "611488475baebc0f435c5d895b9e4dd034d0c4b060ed239e028d124d6de2514c0245b1853492612efdb6201d35a4212e1e6052af249f0162214f0d01e8056693",
            "filename": "/home/astrosteveo/.ssh/id_ed25519.pub",
            "id": "58e27e2489c5a8526971f9ea71c63f0856e97c99"
          },
          "sensitive_attributes": []
        }
      ]
    },
    {
      "mode": "managed",
      "type": "libvirt_domain",
      "name": "control",
      "provider": "provider[\"registry.terraform.io/dmacvicar/libvirt\"]",
      "instances": [
        {
          "index_key": "Mercury-1",
          "schema_version": 0,
          "attributes": {
            "arch": "x86_64",
            "autostart": false,
            "boot_device": [],
            "cloudinit": null,
            "cmdline": null,
            "console": [
              {
                "source_host": "127.0.0.1",
                "source_path": "",
                "source_service": "0",
                "target_port": "0",
                "target_type": "serial",
                "type": "pty"
              }
            ],
            "coreos_ignition": "/var/lib/libvirt/images/Mercury-1.ign;2ee2c4bd-5189-474d-8a51-36a0718508d3",
            "cpu": [
              {
                "mode": "custom"
              }
            ],
            "description": "",
            "disk": [
              {
                "block_device": "",
                "file": "",
                "scsi": false,
                "url": "",
                "volume_id": "/var/lib/libvirt/images/rke2/Mercury-1.qcow2",
                "wwn": ""
              }
            ],
            "emulator": "/usr/bin/qemu-system-x86_64",
            "filesystem": [],
            "firmware": null,
            "fw_cfg_name": "opt/com.coreos/config",
            "graphics": [],
            "id": "c103b2a0-97ce-46b1-8da4-1a7954739d44",
            "initrd": "",
            "kernel": "",
            "machine": "pc",
            "memory": 4096,
            "metadata": null,
            "name": "Mercury-1",
            "network_interface": [
              {
                "addresses": [
                  "192.168.124.86"
                ],
                "bridge": "",
                "hostname": "",
                "mac": "52:54:00:4A:B9:03",
                "macvtap": "",
                "network_id": "3a90a134-70b6-4918-ad5c-cb216635fd4a",
                "network_name": "rke_network",
                "passthrough": "",
                "vepa": "",
                "wait_for_lease": true
              }
            ],
            "nvram": null,
            "qemu_agent": false,
            "running": true,
            "timeouts": null,
            "tpm": [],
            "type": "kvm",
            "vcpu": 2,
            "video": [],
            "xml": []
          },
          "sensitive_attributes": [],
          "private": "eyJlMmJmYjczMC1lY2FhLTExZTYtOGY4OC0zNDM2M2JjN2M0YzAiOnsiY3JlYXRlIjozMDAwMDAwMDAwMDB9fQ==",
          "dependencies": [
            "data.ignition_config.control_plane_ignition",
            "data.ignition_file.control_hostname",
            "data.ignition_systemd_unit.control_helm_install",
            "data.ignition_systemd_unit.control_rke2_install",
            "data.ignition_user.core",
            "data.local_file.ssh_key",
            "libvirt_ignition.control_plane_ignition",
            "libvirt_network.rke_network",
            "libvirt_pool.rke2",
            "libvirt_volume.control_disk",
            "null_resource.fix_rke2_permissions",
            "null_resource.prepare_fcos_image"
          ]
        }
      ]
    },
    {
      "mode": "managed",
      "type": "libvirt_domain",
      "name": "worker",
      "provider": "provider[\"registry.terraform.io/dmacvicar/libvirt\"]",
      "instances": [
        {
          "index_key": "Io-1",
          "schema_version": 0,
          "attributes": {
            "arch": "x86_64",
            "autostart": false,
            "boot_device": [],
            "cloudinit": null,
            "cmdline": null,
            "console": [
              {
                "source_host": "127.0.0.1",
                "source_path": "",
                "source_service": "0",
                "target_port": "0",
                "target_type": "serial",
                "type": "pty"
              }
            ],
            "coreos_ignition": "/var/lib/libvirt/images/Io-1.ign;a0668376-8acd-4602-958a-fa67b101863e",
            "cpu": [
              {
                "mode": "custom"
              }
            ],
            "description": "",
            "disk": [
              {
                "block_device": "",
                "file": "",
                "scsi": false,
                "url": "",
                "volume_id": "/var/lib/libvirt/images/rke2/Io-1.qcow2",
                "wwn": ""
              }
            ],
            "emulator": "/usr/bin/qemu-system-x86_64",
            "filesystem": [],
            "firmware": null,
            "fw_cfg_name": "opt/com.coreos/config",
            "graphics": [],
            "id": "d15c0b56-0262-43a5-928c-955a56d6328d",
            "initrd": "",
            "kernel": "",
            "machine": "pc",
            "memory": 2048,
            "metadata": null,
            "name": "Io-1",
            "network_interface": [
              {
                "addresses": [
                  "192.168.124.3"
                ],
                "bridge": "",
                "hostname": "",
                "mac": "52:54:00:0A:01:EA",
                "macvtap": "",
                "network_id": "3a90a134-70b6-4918-ad5c-cb216635fd4a",
                "network_name": "rke_network",
                "passthrough": "",
                "vepa": "",
                "wait_for_lease": true
              }
            ],
            "nvram": null,
            "qemu_agent": false,
            "running": true,
            "timeouts": null,
            "tpm": [],
            "type": "kvm",
            "vcpu": 2,
            "video": [],
            "xml": []
          },
          "sensitive_attributes": [],
          "private": "eyJlMmJmYjczMC1lY2FhLTExZTYtOGY4OC0zNDM2M2JjN2M0YzAiOnsiY3JlYXRlIjozMDAwMDAwMDAwMDB9fQ==",
          "dependencies": [
            "data.ignition_config.control_plane_ignition",
            "data.ignition_config.worker_ignition",
            "data.ignition_file.control_hostname",
            "data.ignition_file.worker_hostname",
            "data.ignition_file.worker_rke2_config",
            "data.ignition_systemd_unit.control_helm_install",
            "data.ignition_systemd_unit.control_rke2_install",
            "data.ignition_systemd_unit.worker_rke2_install",
            "data.ignition_user.core",
            "data.local_file.control_token",
            "data.local_file.ssh_key",
            "libvirt_domain.control",
            "libvirt_ignition.control_plane_ignition",
            "libvirt_ignition.worker_ignition",
            "libvirt_network.rke_network",
            "libvirt_pool.rke2",
            "libvirt_volume.control_disk",
            "libvirt_volume.worker_disk",
            "null_resource.fix_rke2_permissions",
            "null_resource.get_control_token",
            "null_resource.prepare_fcos_image"
          ]
        },
        {
          "index_key": "Io-2",
          "schema_version": 0,
          "attributes": {
            "arch": "x86_64",
            "autostart": false,
            "boot_device": [],
            "cloudinit": null,
            "cmdline": null,
            "console": [
              {
                "source_host": "127.0.0.1",
                "source_path": "",
                "source_service": "0",
                "target_port": "0",
                "target_type": "serial",
                "type": "pty"
              }
            ],
            "coreos_ignition": "/var/lib/libvirt/images/Io-2.ign;47e27512-fa35-41e7-8b3f-545054dab31d",
            "cpu": [
              {
                "mode": "custom"
              }
            ],
            "description": "",
            "disk": [
              {
                "block_device": "",
                "file": "",
                "scsi": false,
                "url": "",
                "volume_id": "/var/lib/libvirt/images/rke2/Io-2.qcow2",
                "wwn": ""
              }
            ],
            "emulator": "/usr/bin/qemu-system-x86_64",
            "filesystem": [],
            "firmware": null,
            "fw_cfg_name": "opt/com.coreos/config",
            "graphics": [],
            "id": "b9ec89f8-d626-4a85-8658-ce1395d48bdf",
            "initrd": "",
            "kernel": "",
            "machine": "pc",
            "memory": 2048,
            "metadata": null,
            "name": "Io-2",
            "network_interface": [
              {
                "addresses": [
                  "192.168.124.95"
                ],
                "bridge": "",
                "hostname": "",
                "mac": "52:54:00:62:50:D7",
                "macvtap": "",
                "network_id": "3a90a134-70b6-4918-ad5c-cb216635fd4a",
                "network_name": "rke_network",
                "passthrough": "",
                "vepa": "",
                "wait_for_lease": true
              }
            ],
            "nvram": null,
            "qemu_agent": false,
            "running": true,
            "timeouts": null,
            "tpm": [],
            "type": "kvm",
            "vcpu": 2,
            "video": [],
            "xml": []
          },
          "sensitive_attributes": [],
          "private": "eyJlMmJmYjczMC1lY2FhLTExZTYtOGY4OC0zNDM2M2JjN2M0YzAiOnsiY3JlYXRlIjozMDAwMDAwMDAwMDB9fQ==",
          "dependencies": [
            "data.ignition_config.control_plane_ignition",
            "data.ignition_config.worker_ignition",
            "data.ignition_file.control_hostname",
            "data.ignition_file.worker_hostname",
            "data.ignition_file.worker_rke2_config",
            "data.ignition_systemd_unit.control_helm_install",
            "data.ignition_systemd_unit.control_rke2_install",
            "data.ignition_systemd_unit.worker_rke2_install",
            "data.ignition_user.core",
            "data.local_file.control_token",
            "data.local_file.ssh_key",
            "libvirt_domain.control",
            "libvirt_ignition.control_plane_ignition",
            "libvirt_ignition.worker_ignition",
            "libvirt_network.rke_network",
            "libvirt_pool.rke2",
            "libvirt_volume.control_disk",
            "libvirt_volume.worker_disk",
            "null_resource.fix_rke2_permissions",
            "null_resource.get_control_token",
            "null_resource.prepare_fcos_image"
          ]
        },
        {
          "index_key": "Io-3",
          "schema_version": 0,
          "attributes": {
            "arch": "x86_64",
            "autostart": false,
            "boot_device": [],
            "cloudinit": null,
            "cmdline": null,
            "console": [
              {
                "source_host": "127.0.0.1",
                "source_path": "",
                "source_service": "0",
                "target_port": "0",
                "target_type": "serial",
                "type": "pty"
              }
            ],
            "coreos_ignition": "/var/lib/libvirt/images/Io-3.ign;e11206b3-bdb7-47a3-bed9-1c83ad224c59",
            "cpu": [
              {
                "mode": "custom"
              }
            ],
            "description": "",
            "disk": [
              {
                "block_device": "",
                "file": "",
                "scsi": false,
                "url": "",
                "volume_id": "/var/lib/libvirt/images/rke2/Io-3.qcow2",
                "wwn": ""
              }
            ],
            "emulator": "/usr/bin/qemu-system-x86_64",
            "filesystem": [],
            "firmware": null,
            "fw_cfg_name": "opt/com.coreos/config",
            "graphics": [],
            "id": "ff76eaea-84ae-4203-bf78-6d0d4b8fc76b",
            "initrd": "",
            "kernel": "",
            "machine": "pc",
            "memory": 2048,
            "metadata": null,
            "name": "Io-3",
            "network_interface": [
              {
                "addresses": [
                  "192.168.124.235"
                ],
                "bridge": "",
                "hostname": "",
                "mac": "52:54:00:32:4F:D6",
                "macvtap": "",
                "network_id": "3a90a134-70b6-4918-ad5c-cb216635fd4a",
                "network_name": "rke_network",
                "passthrough": "",
                "vepa": "",
                "wait_for_lease": true
              }
            ],
            "nvram": null,
            "qemu_agent": false,
            "running": true,
            "timeouts": null,
            "tpm": [],
            "type": "kvm",
            "vcpu": 2,
            "video": [],
            "xml": []
          },
          "sensitive_attributes": [],
          "private": "eyJlMmJmYjczMC1lY2FhLTExZTYtOGY4OC0zNDM2M2JjN2M0YzAiOnsiY3JlYXRlIjozMDAwMDAwMDAwMDB9fQ==",
          "dependencies": [
            "data.ignition_config.control_plane_ignition",
            "data.ignition_config.worker_ignition",
            "data.ignition_file.control_hostname",
            "data.ignition_file.worker_hostname",
            "data.ignition_file.worker_rke2_config",
            "data.ignition_systemd_unit.control_helm_install",
            "data.ignition_systemd_unit.control_rke2_install",
            "data.ignition_systemd_unit.worker_rke2_install",
            "data.ignition_user.core",
            "data.local_file.control_token",
            "data.local_file.ssh_key",
            "libvirt_domain.control",
            "libvirt_ignition.control_plane_ignition",
            "libvirt_ignition.worker_ignition",
            "libvirt_network.rke_network",
            "libvirt_pool.rke2",
            "libvirt_volume.control_disk",
            "libvirt_volume.worker_disk",
            "null_resource.fix_rke2_permissions",
            "null_resource.get_control_token",
            "null_resource.prepare_fcos_image"
          ]
        },
        {
          "index_key": "Io-4",
          "schema_version": 0,
          "attributes": {
            "arch": "x86_64",
            "autostart": false,
            "boot_device": [],
            "cloudinit": null,
            "cmdline": null,
            "console": [
              {
                "source_host": "127.0.0.1",
                "source_path": "",
                "source_service": "0",
                "target_port": "0",
                "target_type": "serial",
                "type": "pty"
              }
            ],
            "coreos_ignition": "/var/lib/libvirt/images/Io-4.ign;dc359001-134f-40f8-8ad2-d5f2cb96b2c3",
            "cpu": [
              {
                "mode": "custom"
              }
            ],
            "description": "",
            "disk": [
              {
                "block_device": "",
                "file": "",
                "scsi": false,
                "url": "",
                "volume_id": "/var/lib/libvirt/images/rke2/Io-4.qcow2",
                "wwn": ""
              }
            ],
            "emulator": "/usr/bin/qemu-system-x86_64",
            "filesystem": [],
            "firmware": null,
            "fw_cfg_name": "opt/com.coreos/config",
            "graphics": [],
            "id": "8f47b4b9-6f62-4dc2-be9a-0ef2e53231f5",
            "initrd": "",
            "kernel": "",
            "machine": "pc",
            "memory": 2048,
            "metadata": null,
            "name": "Io-4",
            "network_interface": [
              {
                "addresses": [
                  "192.168.124.129"
                ],
                "bridge": "",
                "hostname": "",
                "mac": "52:54:00:AA:87:18",
                "macvtap": "",
                "network_id": "3a90a134-70b6-4918-ad5c-cb216635fd4a",
                "network_name": "rke_network",
                "passthrough": "",
                "vepa": "",
                "wait_for_lease": true
              }
            ],
            "nvram": null,
            "qemu_agent": false,
            "running": true,
            "timeouts": null,
            "tpm": [],
            "type": "kvm",
            "vcpu": 2,
            "video": [],
            "xml": []
          },
          "sensitive_attributes": [],
          "private": "eyJlMmJmYjczMC1lY2FhLTExZTYtOGY4OC0zNDM2M2JjN2M0YzAiOnsiY3JlYXRlIjozMDAwMDAwMDAwMDB9fQ==",
          "dependencies": [
            "data.ignition_config.control_plane_ignition",
            "data.ignition_config.worker_ignition",
            "data.ignition_file.control_hostname",
            "data.ignition_file.worker_hostname",
            "data.ignition_file.worker_rke2_config",
            "data.ignition_systemd_unit.control_helm_install",
            "data.ignition_systemd_unit.control_rke2_install",
            "data.ignition_systemd_unit.worker_rke2_install",
            "data.ignition_user.core",
            "data.local_file.control_token",
            "data.local_file.ssh_key",
            "libvirt_domain.control",
            "libvirt_ignition.control_plane_ignition",
            "libvirt_ignition.worker_ignition",
            "libvirt_network.rke_network",
            "libvirt_pool.rke2",
            "libvirt_volume.control_disk",
            "libvirt_volume.worker_disk",
            "null_resource.fix_rke2_permissions",
            "null_resource.get_control_token",
            "null_resource.prepare_fcos_image"
          ]
        }
      ]
    },
    {
      "mode": "managed",
      "type": "libvirt_ignition",
      "name": "control_plane_ignition",
      "provider": "provider[\"registry.terraform.io/dmacvicar/libvirt\"]",
      "instances": [
        {
          "index_key": "Mercury-1",
          "schema_version": 0,
          "attributes": {
            "content": "{\"ignition\":{\"config\":{\"replace\":{\"verification\":{}}},\"proxy\":{},\"security\":{\"tls\":{}},\"timeouts\":{},\"version\":\"3.4.0\"},\"kernelArguments\":{},\"passwd\":{\"users\":[{\"name\":\"core\",\"sshAuthorizedKeys\":[\"ssh-ed25519 AAAAC3NzaC1lZDI1NTE5AAAAIOR2IHHp5djKZZSfssIXYS1hz1qBFW2z90De4D4B63as astrosteveo@archimedes\\n\"]}]},\"storage\":{\"files\":[{\"group\":{},\"overwrite\":false,\"path\":\"/etc/hostname\",\"user\":{},\"contents\":{\"source\":\"data:text/plain;charset=utf-8;base64,TWVyY3VyeS0x\",\"verification\":{}},\"mode\":644}]},\"systemd\":{\"units\":[{\"contents\":\"[Unit]\\nDescription=Install RKE2 Server\\nAfter=network-online.target\\nWants=network-online.target\\nConditionPathExists=!/var/lib/rancher/rke2/rke2-server-install.done\\n\\n[Service]\\nType=oneshot\\nEnvironment=\\\"INSTALL_RKE2_METHOD=tar\\\"\\nEnvironment=\\\"INSTALL_RKE2_TYPE=server\\\"\\nExecStart=/bin/sh -c 'curl -sfL https://get.rke2.io | sh - \\u0026\\u0026 systemctl enable rke2-server.service \\u0026\\u0026 systemctl start rke2-server.service \\u0026\\u0026 echo \\\"KUBECONFIG=/etc/rancher/rke2/rke2.yaml\\\" | sudo tee -a /etc/environment'\\nRemainAfterExit=yes\\n\\n[Install]\\nWantedBy=multi-user.target\\n\",\"enabled\":true,\"name\":\"rke2-server-install.service\"},{\"contents\":\"[Unit]\\nDescription=Install Helm\\nAfter=network-online.target\\nWants=network-online.target\\nConditionPathExists=!/var/lib/rancher/rke2/helm-install.done\\n\\n[Service]\\nType=oneshot\\nExecStart=/bin/sh -c 'curl -fsSL https://raw.githubusercontent.com/helm/helm/main/scripts/get-helm-3 | sh -'\\nRemainAfterExit=yes\\n\\n[Install]\\nWantedBy=multi-user.target\\n\",\"enabled\":true,\"name\":\"helm-install.service\"}]}}",
            "id": "/var/lib/libvirt/images/Mercury-1.ign;2ee2c4bd-5189-474d-8a51-36a0718508d3",
            "name": "Mercury-1.ign",
            "pool": "default"
          },
          "sensitive_attributes": [],
          "private": "bnVsbA==",
          "dependencies": [
            "data.ignition_config.control_plane_ignition",
            "data.ignition_file.control_hostname",
            "data.ignition_systemd_unit.control_helm_install",
            "data.ignition_systemd_unit.control_rke2_install",
            "data.ignition_user.core",
            "data.local_file.ssh_key"
          ]
        }
      ]
    },
    {
      "mode": "managed",
      "type": "libvirt_ignition",
      "name": "worker_ignition",
      "provider": "provider[\"registry.terraform.io/dmacvicar/libvirt\"]",
      "instances": [
        {
          "index_key": "Io-1",
          "schema_version": 0,
          "attributes": {
            "content": "{\"ignition\":{\"config\":{\"replace\":{\"verification\":{}}},\"proxy\":{},\"security\":{\"tls\":{}},\"timeouts\":{},\"version\":\"3.4.0\"},\"kernelArguments\":{},\"passwd\":{\"users\":[{\"name\":\"core\",\"sshAuthorizedKeys\":[\"ssh-ed25519 AAAAC3NzaC1lZDI1NTE5AAAAIOR2IHHp5djKZZSfssIXYS1hz1qBFW2z90De4D4B63as astrosteveo@archimedes\\n\"]}]},\"storage\":{\"files\":[{\"group\":{},\"overwrite\":false,\"path\":\"/etc/hostname\",\"user\":{},\"contents\":{\"source\":\"data:text/plain;charset=utf-8;base64,SW8tMQ==\",\"verification\":{}},\"mode\":644},{\"group\":{},\"overwrite\":false,\"path\":\"/etc/rancher/rke2/config.yaml\",\"user\":{},\"contents\":{\"source\":\"data:text/plain;charset=utf-8;base64,dG9rZW46IEsxMGMxNDM4N2M1ZTE3ZmM1NWZmYTEwYjc0ZWIzODgyNDgyYjNkYjc0Y2MzMTZjZjQ3NGEwNTc3NDJjYmQ1MTI2ZGM6OnNlcnZlcjowODJlYTljZGJjMGMzM2RjY2UzMGVmNWEyMGQ4MWE3OAoKc2VydmVyOiBodHRwczovLzE5Mi4xNjguMTI0Ljg2OjkzNDUK\",\"verification\":{}},\"mode\":644}]},\"systemd\":{\"units\":[{\"contents\":\"[Unit]\\nDescription=Install RKE2 Agent\\nAfter=network-online.target\\nWants=network-online.target\\nConditionPathExists=!/var/lib/rancher/rke2/rke2-agent-install.done\\n\\n[Service]\\nType=oneshot\\nEnvironment=\\\"INSTALL_RKE2_METHOD=tar\\\"\\nEnvironment=\\\"INSTALL_RKE2_TYPE=agent\\\"\\nExecStart=/bin/sh -c 'curl -sfL https://get.rke2.io | sh - \\u0026\\u0026 systemctl enable rke2-agent.service \\u0026\\u0026 systemctl start rke2-agent.service \\u0026\\u0026 touch /var/lib/rancher/rke2/rke2-agent-install.done'\\nRemainAfterExit=yes\\n\\n[Install]\\nWantedBy=multi-user.target\\n\",\"enabled\":true,\"name\":\"rke2-agent-install.service\"}]}}",
            "id": "/var/lib/libvirt/images/Io-1.ign;a0668376-8acd-4602-958a-fa67b101863e",
            "name": "Io-1.ign",
            "pool": "default"
          },
          "sensitive_attributes": [],
          "private": "bnVsbA==",
          "dependencies": [
            "data.ignition_config.control_plane_ignition",
            "data.ignition_config.worker_ignition",
            "data.ignition_file.control_hostname",
            "data.ignition_file.worker_hostname",
            "data.ignition_file.worker_rke2_config",
            "data.ignition_systemd_unit.control_helm_install",
            "data.ignition_systemd_unit.control_rke2_install",
            "data.ignition_systemd_unit.worker_rke2_install",
            "data.ignition_user.core",
            "data.local_file.control_token",
            "data.local_file.ssh_key",
            "libvirt_domain.control",
            "libvirt_ignition.control_plane_ignition",
            "libvirt_network.rke_network",
            "libvirt_pool.rke2",
            "libvirt_volume.control_disk",
            "null_resource.fix_rke2_permissions",
            "null_resource.get_control_token",
            "null_resource.prepare_fcos_image"
          ]
        },
        {
          "index_key": "Io-2",
          "schema_version": 0,
          "attributes": {
            "content": "{\"ignition\":{\"config\":{\"replace\":{\"verification\":{}}},\"proxy\":{},\"security\":{\"tls\":{}},\"timeouts\":{},\"version\":\"3.4.0\"},\"kernelArguments\":{},\"passwd\":{\"users\":[{\"name\":\"core\",\"sshAuthorizedKeys\":[\"ssh-ed25519 AAAAC3NzaC1lZDI1NTE5AAAAIOR2IHHp5djKZZSfssIXYS1hz1qBFW2z90De4D4B63as astrosteveo@archimedes\\n\"]}]},\"storage\":{\"files\":[{\"group\":{},\"overwrite\":false,\"path\":\"/etc/hostname\",\"user\":{},\"contents\":{\"source\":\"data:text/plain;charset=utf-8;base64,SW8tMg==\",\"verification\":{}},\"mode\":644},{\"group\":{},\"overwrite\":false,\"path\":\"/etc/rancher/rke2/config.yaml\",\"user\":{},\"contents\":{\"source\":\"data:text/plain;charset=utf-8;base64,dG9rZW46IEsxMGMxNDM4N2M1ZTE3ZmM1NWZmYTEwYjc0ZWIzODgyNDgyYjNkYjc0Y2MzMTZjZjQ3NGEwNTc3NDJjYmQ1MTI2ZGM6OnNlcnZlcjowODJlYTljZGJjMGMzM2RjY2UzMGVmNWEyMGQ4MWE3OAoKc2VydmVyOiBodHRwczovLzE5Mi4xNjguMTI0Ljg2OjkzNDUK\",\"verification\":{}},\"mode\":644}]},\"systemd\":{\"units\":[{\"contents\":\"[Unit]\\nDescription=Install RKE2 Agent\\nAfter=network-online.target\\nWants=network-online.target\\nConditionPathExists=!/var/lib/rancher/rke2/rke2-agent-install.done\\n\\n[Service]\\nType=oneshot\\nEnvironment=\\\"INSTALL_RKE2_METHOD=tar\\\"\\nEnvironment=\\\"INSTALL_RKE2_TYPE=agent\\\"\\nExecStart=/bin/sh -c 'curl -sfL https://get.rke2.io | sh - \\u0026\\u0026 systemctl enable rke2-agent.service \\u0026\\u0026 systemctl start rke2-agent.service \\u0026\\u0026 touch /var/lib/rancher/rke2/rke2-agent-install.done'\\nRemainAfterExit=yes\\n\\n[Install]\\nWantedBy=multi-user.target\\n\",\"enabled\":true,\"name\":\"rke2-agent-install.service\"}]}}",
            "id": "/var/lib/libvirt/images/Io-2.ign;47e27512-fa35-41e7-8b3f-545054dab31d",
            "name": "Io-2.ign",
            "pool": "default"
          },
          "sensitive_attributes": [],
          "private": "bnVsbA==",
          "dependencies": [
            "data.ignition_config.control_plane_ignition",
            "data.ignition_config.worker_ignition",
            "data.ignition_file.control_hostname",
            "data.ignition_file.worker_hostname",
            "data.ignition_file.worker_rke2_config",
            "data.ignition_systemd_unit.control_helm_install",
            "data.ignition_systemd_unit.control_rke2_install",
            "data.ignition_systemd_unit.worker_rke2_install",
            "data.ignition_user.core",
            "data.local_file.control_token",
            "data.local_file.ssh_key",
            "libvirt_domain.control",
            "libvirt_ignition.control_plane_ignition",
            "libvirt_network.rke_network",
            "libvirt_pool.rke2",
            "libvirt_volume.control_disk",
            "null_resource.fix_rke2_permissions",
            "null_resource.get_control_token",
            "null_resource.prepare_fcos_image"
          ]
        },
        {
          "index_key": "Io-3",
          "schema_version": 0,
          "attributes": {
            "content": "{\"ignition\":{\"config\":{\"replace\":{\"verification\":{}}},\"proxy\":{},\"security\":{\"tls\":{}},\"timeouts\":{},\"version\":\"3.4.0\"},\"kernelArguments\":{},\"passwd\":{\"users\":[{\"name\":\"core\",\"sshAuthorizedKeys\":[\"ssh-ed25519 AAAAC3NzaC1lZDI1NTE5AAAAIOR2IHHp5djKZZSfssIXYS1hz1qBFW2z90De4D4B63as astrosteveo@archimedes\\n\"]}]},\"storage\":{\"files\":[{\"group\":{},\"overwrite\":false,\"path\":\"/etc/hostname\",\"user\":{},\"contents\":{\"source\":\"data:text/plain;charset=utf-8;base64,SW8tMw==\",\"verification\":{}},\"mode\":644},{\"group\":{},\"overwrite\":false,\"path\":\"/etc/rancher/rke2/config.yaml\",\"user\":{},\"contents\":{\"source\":\"data:text/plain;charset=utf-8;base64,dG9rZW46IEsxMGMxNDM4N2M1ZTE3ZmM1NWZmYTEwYjc0ZWIzODgyNDgyYjNkYjc0Y2MzMTZjZjQ3NGEwNTc3NDJjYmQ1MTI2ZGM6OnNlcnZlcjowODJlYTljZGJjMGMzM2RjY2UzMGVmNWEyMGQ4MWE3OAoKc2VydmVyOiBodHRwczovLzE5Mi4xNjguMTI0Ljg2OjkzNDUK\",\"verification\":{}},\"mode\":644}]},\"systemd\":{\"units\":[{\"contents\":\"[Unit]\\nDescription=Install RKE2 Agent\\nAfter=network-online.target\\nWants=network-online.target\\nConditionPathExists=!/var/lib/rancher/rke2/rke2-agent-install.done\\n\\n[Service]\\nType=oneshot\\nEnvironment=\\\"INSTALL_RKE2_METHOD=tar\\\"\\nEnvironment=\\\"INSTALL_RKE2_TYPE=agent\\\"\\nExecStart=/bin/sh -c 'curl -sfL https://get.rke2.io | sh - \\u0026\\u0026 systemctl enable rke2-agent.service \\u0026\\u0026 systemctl start rke2-agent.service \\u0026\\u0026 touch /var/lib/rancher/rke2/rke2-agent-install.done'\\nRemainAfterExit=yes\\n\\n[Install]\\nWantedBy=multi-user.target\\n\",\"enabled\":true,\"name\":\"rke2-agent-install.service\"}]}}",
            "id": "/var/lib/libvirt/images/Io-3.ign;e11206b3-bdb7-47a3-bed9-1c83ad224c59",
            "name": "Io-3.ign",
            "pool": "default"
          },
          "sensitive_attributes": [],
          "private": "bnVsbA==",
          "dependencies": [
            "data.ignition_config.control_plane_ignition",
            "data.ignition_config.worker_ignition",
            "data.ignition_file.control_hostname",
            "data.ignition_file.worker_hostname",
            "data.ignition_file.worker_rke2_config",
            "data.ignition_systemd_unit.control_helm_install",
            "data.ignition_systemd_unit.control_rke2_install",
            "data.ignition_systemd_unit.worker_rke2_install",
            "data.ignition_user.core",
            "data.local_file.control_token",
            "data.local_file.ssh_key",
            "libvirt_domain.control",
            "libvirt_ignition.control_plane_ignition",
            "libvirt_network.rke_network",
            "libvirt_pool.rke2",
            "libvirt_volume.control_disk",
            "null_resource.fix_rke2_permissions",
            "null_resource.get_control_token",
            "null_resource.prepare_fcos_image"
          ]
        },
        {
          "index_key": "Io-4",
          "schema_version": 0,
          "attributes": {
            "content": "{\"ignition\":{\"config\":{\"replace\":{\"verification\":{}}},\"proxy\":{},\"security\":{\"tls\":{}},\"timeouts\":{},\"version\":\"3.4.0\"},\"kernelArguments\":{},\"passwd\":{\"users\":[{\"name\":\"core\",\"sshAuthorizedKeys\":[\"ssh-ed25519 AAAAC3NzaC1lZDI1NTE5AAAAIOR2IHHp5djKZZSfssIXYS1hz1qBFW2z90De4D4B63as astrosteveo@archimedes\\n\"]}]},\"storage\":{\"files\":[{\"group\":{},\"overwrite\":false,\"path\":\"/etc/hostname\",\"user\":{},\"contents\":{\"source\":\"data:text/plain;charset=utf-8;base64,SW8tNA==\",\"verification\":{}},\"mode\":644},{\"group\":{},\"overwrite\":false,\"path\":\"/etc/rancher/rke2/config.yaml\",\"user\":{},\"contents\":{\"source\":\"data:text/plain;charset=utf-8;base64,dG9rZW46IEsxMGMxNDM4N2M1ZTE3ZmM1NWZmYTEwYjc0ZWIzODgyNDgyYjNkYjc0Y2MzMTZjZjQ3NGEwNTc3NDJjYmQ1MTI2ZGM6OnNlcnZlcjowODJlYTljZGJjMGMzM2RjY2UzMGVmNWEyMGQ4MWE3OAoKc2VydmVyOiBodHRwczovLzE5Mi4xNjguMTI0Ljg2OjkzNDUK\",\"verification\":{}},\"mode\":644}]},\"systemd\":{\"units\":[{\"contents\":\"[Unit]\\nDescription=Install RKE2 Agent\\nAfter=network-online.target\\nWants=network-online.target\\nConditionPathExists=!/var/lib/rancher/rke2/rke2-agent-install.done\\n\\n[Service]\\nType=oneshot\\nEnvironment=\\\"INSTALL_RKE2_METHOD=tar\\\"\\nEnvironment=\\\"INSTALL_RKE2_TYPE=agent\\\"\\nExecStart=/bin/sh -c 'curl -sfL https://get.rke2.io | sh - \\u0026\\u0026 systemctl enable rke2-agent.service \\u0026\\u0026 systemctl start rke2-agent.service \\u0026\\u0026 touch /var/lib/rancher/rke2/rke2-agent-install.done'\\nRemainAfterExit=yes\\n\\n[Install]\\nWantedBy=multi-user.target\\n\",\"enabled\":true,\"name\":\"rke2-agent-install.service\"}]}}",
            "id": "/var/lib/libvirt/images/Io-4.ign;dc359001-134f-40f8-8ad2-d5f2cb96b2c3",
            "name": "Io-4.ign",
            "pool": "default"
          },
          "sensitive_attributes": [],
          "private": "bnVsbA==",
          "dependencies": [
            "data.ignition_config.control_plane_ignition",
            "data.ignition_config.worker_ignition",
            "data.ignition_file.control_hostname",
            "data.ignition_file.worker_hostname",
            "data.ignition_file.worker_rke2_config",
            "data.ignition_systemd_unit.control_helm_install",
            "data.ignition_systemd_unit.control_rke2_install",
            "data.ignition_systemd_unit.worker_rke2_install",
            "data.ignition_user.core",
            "data.local_file.control_token",
            "data.local_file.ssh_key",
            "libvirt_domain.control",
            "libvirt_ignition.control_plane_ignition",
            "libvirt_network.rke_network",
            "libvirt_pool.rke2",
            "libvirt_volume.control_disk",
            "null_resource.fix_rke2_permissions",
            "null_resource.get_control_token",
            "null_resource.prepare_fcos_image"
          ]
        }
      ]
    },
    {
      "mode": "managed",
      "type": "libvirt_network",
      "name": "rke_network",
      "provider": "provider[\"registry.terraform.io/dmacvicar/libvirt\"]",
      "instances": [
        {
          "schema_version": 0,
          "attributes": {
            "addresses": [
              "192.168.124.0/24"
            ],
            "autostart": false,
            "bridge": "virbr1",
            "dhcp": [
              {
                "enabled": true
              }
            ],
            "dns": [
              {
                "enabled": false,
                "forwarders": [],
                "hosts": [],
                "local_only": false,
                "srvs": []
              }
            ],
            "dnsmasq_options": [],
            "domain": "rke.local",
            "id": "3a90a134-70b6-4918-ad5c-cb216635fd4a",
            "mode": "nat",
            "mtu": null,
            "name": "rke_network",
            "routes": [],
            "xml": []
          },
          "sensitive_attributes": [],
          "private": "bnVsbA=="
        }
      ]
    },
    {
      "mode": "managed",
      "type": "libvirt_pool",
      "name": "rke2",
      "provider": "provider[\"registry.terraform.io/dmacvicar/libvirt\"]",
      "instances": [
        {
          "schema_version": 0,
          "attributes": {
            "allocation": 25223188480,
            "available": 1957847937024,
            "capacity": 1983071125504,
            "id": "ec3294e6-7d8a-41ba-b0c9-e15f82497afb",
            "name": "rke2",
            "path": null,
            "source": [],
            "target": [
              {
                "path": "/var/lib/libvirt/images/rke2"
              }
            ],
            "type": "dir",
            "xml": []
          },
          "sensitive_attributes": [],
          "private": "bnVsbA=="
        }
      ]
    },
    {
      "mode": "managed",
      "type": "libvirt_volume",
      "name": "control_disk",
      "provider": "provider[\"registry.terraform.io/dmacvicar/libvirt\"]",
      "instances": [
        {
          "index_key": "Mercury-1",
          "schema_version": 0,
          "attributes": {
            "base_volume_id": null,
            "base_volume_name": null,
            "base_volume_pool": null,
            "format": "qcow2",
            "id": "/var/lib/libvirt/images/rke2/Mercury-1.qcow2",
            "name": "Mercury-1.qcow2",
            "pool": "rke2",
            "size": 10737418240,
            "source": "/var/lib/libvirt/images/rke2/fedora-coreos-41.20250117.3.0-qemu.x86_64.qcow2",
            "xml": []
          },
          "sensitive_attributes": [],
          "private": "bnVsbA==",
          "dependencies": [
            "libvirt_pool.rke2",
            "null_resource.fix_rke2_permissions",
            "null_resource.prepare_fcos_image"
          ]
        }
      ]
    },
    {
      "mode": "managed",
      "type": "libvirt_volume",
      "name": "worker_disk",
      "provider": "provider[\"registry.terraform.io/dmacvicar/libvirt\"]",
      "instances": [
        {
          "index_key": "Io-1",
          "schema_version": 0,
          "attributes": {
            "base_volume_id": null,
            "base_volume_name": null,
            "base_volume_pool": null,
            "format": "qcow2",
            "id": "/var/lib/libvirt/images/rke2/Io-1.qcow2",
            "name": "Io-1.qcow2",
            "pool": "rke2",
            "size": 10737418240,
            "source": "/var/lib/libvirt/images/rke2/fedora-coreos-41.20250117.3.0-qemu.x86_64.qcow2",
            "xml": []
          },
          "sensitive_attributes": [],
          "private": "bnVsbA==",
          "dependencies": [
            "libvirt_pool.rke2",
            "null_resource.fix_rke2_permissions",
            "null_resource.prepare_fcos_image"
          ]
        },
        {
          "index_key": "Io-2",
          "schema_version": 0,
          "attributes": {
            "base_volume_id": null,
            "base_volume_name": null,
            "base_volume_pool": null,
            "format": "qcow2",
            "id": "/var/lib/libvirt/images/rke2/Io-2.qcow2",
            "name": "Io-2.qcow2",
            "pool": "rke2",
            "size": 10737418240,
            "source": "/var/lib/libvirt/images/rke2/fedora-coreos-41.20250117.3.0-qemu.x86_64.qcow2",
            "xml": []
          },
          "sensitive_attributes": [],
          "private": "bnVsbA==",
          "dependencies": [
            "libvirt_pool.rke2",
            "null_resource.fix_rke2_permissions",
            "null_resource.prepare_fcos_image"
          ]
        },
        {
          "index_key": "Io-3",
          "schema_version": 0,
          "attributes": {
            "base_volume_id": null,
            "base_volume_name": null,
            "base_volume_pool": null,
            "format": "qcow2",
            "id": "/var/lib/libvirt/images/rke2/Io-3.qcow2",
            "name": "Io-3.qcow2",
            "pool": "rke2",
            "size": 10737418240,
            "source": "/var/lib/libvirt/images/rke2/fedora-coreos-41.20250117.3.0-qemu.x86_64.qcow2",
            "xml": []
          },
          "sensitive_attributes": [],
          "private": "bnVsbA==",
          "dependencies": [
            "libvirt_pool.rke2",
            "null_resource.fix_rke2_permissions",
            "null_resource.prepare_fcos_image"
          ]
        },
        {
          "index_key": "Io-4",
          "schema_version": 0,
          "attributes": {
            "base_volume_id": null,
            "base_volume_name": null,
            "base_volume_pool": null,
            "format": "qcow2",
            "id": "/var/lib/libvirt/images/rke2/Io-4.qcow2",
            "name": "Io-4.qcow2",
            "pool": "rke2",
            "size": 10737418240,
            "source": "/var/lib/libvirt/images/rke2/fedora-coreos-41.20250117.3.0-qemu.x86_64.qcow2",
            "xml": []
          },
          "sensitive_attributes": [],
          "private": "bnVsbA==",
          "dependencies": [
            "libvirt_pool.rke2",
            "null_resource.fix_rke2_permissions",
            "null_resource.prepare_fcos_image"
          ]
        }
      ]
    },
    {
      "mode": "managed",
      "type": "null_resource",
      "name": "fix_rke2_permissions",
      "provider": "provider[\"registry.terraform.io/hashicorp/null\"]",
      "instances": [
        {
          "schema_version": 0,
          "attributes": {
            "id": "6858520570007568437",
            "triggers": null
          },
          "sensitive_attributes": [],
          "dependencies": [
            "libvirt_pool.rke2"
          ]
        }
      ]
    },
    {
      "mode": "managed",
      "type": "null_resource",
      "name": "get_control_token",
      "provider": "provider[\"registry.terraform.io/hashicorp/null\"]",
      "instances": [
        {
          "schema_version": 0,
          "attributes": {
            "id": "5405644159435143075",
            "triggers": null
          },
          "sensitive_attributes": [],
          "dependencies": [
            "data.ignition_config.control_plane_ignition",
            "data.ignition_file.control_hostname",
            "data.ignition_systemd_unit.control_helm_install",
            "data.ignition_systemd_unit.control_rke2_install",
            "data.ignition_user.core",
            "data.local_file.ssh_key",
            "libvirt_domain.control",
            "libvirt_ignition.control_plane_ignition",
            "libvirt_network.rke_network",
            "libvirt_pool.rke2",
            "libvirt_volume.control_disk",
            "null_resource.fix_rke2_permissions",
            "null_resource.prepare_fcos_image"
          ]
        }
      ]
    },
    {
      "mode": "managed",
      "type": "null_resource",
      "name": "prepare_fcos_image",
      "provider": "provider[\"registry.terraform.io/hashicorp/null\"]",
      "instances": [
        {
          "schema_version": 0,
          "attributes": {
            "id": "7043360107257835369",
            "triggers": null
          },
          "sensitive_attributes": [],
          "dependencies": [
            "libvirt_pool.rke2",
            "null_resource.fix_rke2_permissions"
          ]
        }
      ]
    }
  ],
  "check_results": null
}
