{
  "version": 4,
  "terraform_version": "1.10.5",
  "serial": 441,
  "lineage": "1b13b255-bdac-0e63-ecd1-32ae163f2813",
  "outputs": {
    "control_plane_ips": {
      "value": [
        "192.168.124.123"
      ],
      "type": [
        "tuple",
        [
          "string"
        ]
      ]
    }
  },
  "resources": [
    {
      "mode": "data",
      "type": "ignition_config",
      "name": "control_plane_ignition",
      "provider": "provider[\"registry.terraform.io/community-terraform-providers/ignition\"]",
      "instances": [
        {
          "index_key": "Mercury-1",
          "schema_version": 0,
          "attributes": {
            "arrays": null,
            "directories": null,
            "disks": null,
            "files": [
              "{\"group\":{},\"overwrite\":false,\"path\":\"/etc/hostname\",\"user\":{},\"contents\":{\"source\":\"data:text/plain;charset=utf-8;base64,TWVyY3VyeS0x\",\"verification\":{}},\"mode\":644}"
            ],
            "filesystems": null,
            "groups": null,
            "id": "e62bb2b1898a22e3c3353c40b770ab71b4f4f6f11024466e634308430e25e9b2",
            "kernel_arguments": null,
            "links": null,
            "luks": null,
            "merge": null,
            "rendered": "{\"ignition\":{\"config\":{\"replace\":{\"verification\":{}}},\"proxy\":{},\"security\":{\"tls\":{}},\"timeouts\":{},\"version\":\"3.4.0\"},\"kernelArguments\":{},\"passwd\":{\"users\":[{\"name\":\"core\",\"sshAuthorizedKeys\":[\"ssh-ed25519 AAAAC3NzaC1lZDI1NTE5AAAAIOR2IHHp5djKZZSfssIXYS1hz1qBFW2z90De4D4B63as astrosteveo@archimedes\\n\"]}]},\"storage\":{\"files\":[{\"group\":{},\"overwrite\":false,\"path\":\"/etc/hostname\",\"user\":{},\"contents\":{\"source\":\"data:text/plain;charset=utf-8;base64,TWVyY3VyeS0x\",\"verification\":{}},\"mode\":644}]},\"systemd\":{\"units\":[{\"contents\":\"[Unit]\\nDescription=Install RKE2 Server\\nAfter=network-online.target\\nWants=network-online.target\\nConditionPathExists=!/var/lib/rancher/rke2/rke2-server-install.done\\n\\n[Service]\\nType=oneshot\\nEnvironment=\\\"INSTALL_RKE2_METHOD=tar\\\"\\nEnvironment=\\\"INSTALL_RKE2_TYPE=server\\\"\\nExecStart=/bin/sh -c 'curl -sfL https://get.rke2.io | sh - \\u0026\\u0026 systemctl enable rke2-server.service \\u0026\\u0026 systemctl start rke2-server.service \\u0026\\u0026 touch /var/lib/rancher/rke2/rke2-server-install.done'\\nRemainAfterExit=yes\\n\\n[Install]\\nWantedBy=multi-user.target\\n\",\"enabled\":true,\"name\":\"rke2-server-install.service\"}]}}",
            "replace": null,
            "systemd": [
              "{\"contents\":\"[Unit]\\nDescription=Install RKE2 Server\\nAfter=network-online.target\\nWants=network-online.target\\nConditionPathExists=!/var/lib/rancher/rke2/rke2-server-install.done\\n\\n[Service]\\nType=oneshot\\nEnvironment=\\\"INSTALL_RKE2_METHOD=tar\\\"\\nEnvironment=\\\"INSTALL_RKE2_TYPE=server\\\"\\nExecStart=/bin/sh -c 'curl -sfL https://get.rke2.io | sh - \\u0026\\u0026 systemctl enable rke2-server.service \\u0026\\u0026 systemctl start rke2-server.service \\u0026\\u0026 touch /var/lib/rancher/rke2/rke2-server-install.done'\\nRemainAfterExit=yes\\n\\n[Install]\\nWantedBy=multi-user.target\\n\",\"enabled\":true,\"name\":\"rke2-server-install.service\"}"
            ],
            "tls_ca": null,
            "users": [
              "{\"name\":\"core\",\"sshAuthorizedKeys\":[\"ssh-ed25519 AAAAC3NzaC1lZDI1NTE5AAAAIOR2IHHp5djKZZSfssIXYS1hz1qBFW2z90De4D4B63as astrosteveo@archimedes\\n\"]}"
            ]
          },
          "sensitive_attributes": []
        }
      ]
    },
    {
      "mode": "data",
      "type": "ignition_config",
      "name": "worker_ignition",
      "provider": "provider[\"registry.terraform.io/community-terraform-providers/ignition\"]",
      "instances": [
        {
          "index_key": "Io-1",
          "schema_version": 0,
          "attributes": {
            "arrays": null,
            "directories": null,
            "disks": null,
            "files": [
              "{\"group\":{},\"overwrite\":false,\"path\":\"/etc/hostname\",\"user\":{},\"contents\":{\"source\":\"data:text/plain;charset=utf-8;base64,SW8tMQ==\",\"verification\":{}},\"mode\":644}",
              "{\"group\":{},\"overwrite\":false,\"path\":\"/etc/rancher/rke2/config.yaml\",\"user\":{},\"contents\":{\"source\":\"data:text/plain;charset=utf-8;base64,dG9rZW46IEsxMDRiZjBiZWE0NTUyNDY4ZmEyYWMxMDM3NWI5MzQ3OTM4NjA4YTEwNDdhN2UzNTljYmMzMzBlZGZmMDFhMGU3YjA6OnNlcnZlcjphMzRjZjhjZTdmZTY0N2MyNTRlNWYzZjNiNjg3MjNmOAoKc2VydmVyOiBodHRwczovLzE5Mi4xNjguMTI0LjEyMzo5MzQ1Cg==\",\"verification\":{}},\"mode\":644}"
            ],
            "filesystems": null,
            "groups": null,
            "id": "7d2a7764b9fa464e861cc34ee8dda0b6e60e81df104da09ff33468615185b259",
            "kernel_arguments": null,
            "links": null,
            "luks": null,
            "merge": null,
            "rendered": "{\"ignition\":{\"config\":{\"replace\":{\"verification\":{}}},\"proxy\":{},\"security\":{\"tls\":{}},\"timeouts\":{},\"version\":\"3.4.0\"},\"kernelArguments\":{},\"passwd\":{\"users\":[{\"name\":\"core\",\"sshAuthorizedKeys\":[\"ssh-ed25519 AAAAC3NzaC1lZDI1NTE5AAAAIOR2IHHp5djKZZSfssIXYS1hz1qBFW2z90De4D4B63as astrosteveo@archimedes\\n\"]}]},\"storage\":{\"files\":[{\"group\":{},\"overwrite\":false,\"path\":\"/etc/hostname\",\"user\":{},\"contents\":{\"source\":\"data:text/plain;charset=utf-8;base64,SW8tMQ==\",\"verification\":{}},\"mode\":644},{\"group\":{},\"overwrite\":false,\"path\":\"/etc/rancher/rke2/config.yaml\",\"user\":{},\"contents\":{\"source\":\"data:text/plain;charset=utf-8;base64,dG9rZW46IEsxMDRiZjBiZWE0NTUyNDY4ZmEyYWMxMDM3NWI5MzQ3OTM4NjA4YTEwNDdhN2UzNTljYmMzMzBlZGZmMDFhMGU3YjA6OnNlcnZlcjphMzRjZjhjZTdmZTY0N2MyNTRlNWYzZjNiNjg3MjNmOAoKc2VydmVyOiBodHRwczovLzE5Mi4xNjguMTI0LjEyMzo5MzQ1Cg==\",\"verification\":{}},\"mode\":644}]},\"systemd\":{\"units\":[{\"contents\":\"[Unit]\\nDescription=Install RKE2 Agent\\nAfter=network-online.target\\nWants=network-online.target\\nConditionPathExists=!/var/lib/rancher/rke2/rke2-agent-install.done\\n\\n[Service]\\nType=oneshot\\nEnvironment=\\\"INSTALL_RKE2_METHOD=tar\\\"\\nEnvironment=\\\"INSTALL_RKE2_TYPE=agent\\\"\\nExecStart=/bin/sh -c 'curl -sfL https://get.rke2.io | sh - \\u0026\\u0026 systemctl enable rke2-agent.service \\u0026\\u0026 systemctl start rke2-agent.service \\u0026\\u0026 touch /var/lib/rancher/rke2/rke2-agent-install.done'\\nRemainAfterExit=yes\\n\\n[Install]\\nWantedBy=multi-user.target\\n\",\"enabled\":true,\"name\":\"rke2-agent-install.service\"}]}}",
            "replace": null,
            "systemd": [
              "{\"contents\":\"[Unit]\\nDescription=Install RKE2 Agent\\nAfter=network-online.target\\nWants=network-online.target\\nConditionPathExists=!/var/lib/rancher/rke2/rke2-agent-install.done\\n\\n[Service]\\nType=oneshot\\nEnvironment=\\\"INSTALL_RKE2_METHOD=tar\\\"\\nEnvironment=\\\"INSTALL_RKE2_TYPE=agent\\\"\\nExecStart=/bin/sh -c 'curl -sfL https://get.rke2.io | sh - \\u0026\\u0026 systemctl enable rke2-agent.service \\u0026\\u0026 systemctl start rke2-agent.service \\u0026\\u0026 touch /var/lib/rancher/rke2/rke2-agent-install.done'\\nRemainAfterExit=yes\\n\\n[Install]\\nWantedBy=multi-user.target\\n\",\"enabled\":true,\"name\":\"rke2-agent-install.service\"}"
            ],
            "tls_ca": null,
            "users": [
              "{\"name\":\"core\",\"sshAuthorizedKeys\":[\"ssh-ed25519 AAAAC3NzaC1lZDI1NTE5AAAAIOR2IHHp5djKZZSfssIXYS1hz1qBFW2z90De4D4B63as astrosteveo@archimedes\\n\"]}"
            ]
          },
          "sensitive_attributes": []
        },
        {
          "index_key": "Io-2",
          "schema_version": 0,
          "attributes": {
            "arrays": null,
            "directories": null,
            "disks": null,
            "files": [
              "{\"group\":{},\"overwrite\":false,\"path\":\"/etc/hostname\",\"user\":{},\"contents\":{\"source\":\"data:text/plain;charset=utf-8;base64,SW8tMg==\",\"verification\":{}},\"mode\":644}",
              "{\"group\":{},\"overwrite\":false,\"path\":\"/etc/rancher/rke2/config.yaml\",\"user\":{},\"contents\":{\"source\":\"data:text/plain;charset=utf-8;base64,dG9rZW46IEsxMDRiZjBiZWE0NTUyNDY4ZmEyYWMxMDM3NWI5MzQ3OTM4NjA4YTEwNDdhN2UzNTljYmMzMzBlZGZmMDFhMGU3YjA6OnNlcnZlcjphMzRjZjhjZTdmZTY0N2MyNTRlNWYzZjNiNjg3MjNmOAoKc2VydmVyOiBodHRwczovLzE5Mi4xNjguMTI0LjEyMzo5MzQ1Cg==\",\"verification\":{}},\"mode\":644}"
            ],
            "filesystems": null,
            "groups": null,
            "id": "f358c4e4792d0f9b218107b2a91a078f2b92c5906ed59f7783cc800ac9abb17b",
            "kernel_arguments": null,
            "links": null,
            "luks": null,
            "merge": null,
            "rendered": "{\"ignition\":{\"config\":{\"replace\":{\"verification\":{}}},\"proxy\":{},\"security\":{\"tls\":{}},\"timeouts\":{},\"version\":\"3.4.0\"},\"kernelArguments\":{},\"passwd\":{\"users\":[{\"name\":\"core\",\"sshAuthorizedKeys\":[\"ssh-ed25519 AAAAC3NzaC1lZDI1NTE5AAAAIOR2IHHp5djKZZSfssIXYS1hz1qBFW2z90De4D4B63as astrosteveo@archimedes\\n\"]}]},\"storage\":{\"files\":[{\"group\":{},\"overwrite\":false,\"path\":\"/etc/hostname\",\"user\":{},\"contents\":{\"source\":\"data:text/plain;charset=utf-8;base64,SW8tMg==\",\"verification\":{}},\"mode\":644},{\"group\":{},\"overwrite\":false,\"path\":\"/etc/rancher/rke2/config.yaml\",\"user\":{},\"contents\":{\"source\":\"data:text/plain;charset=utf-8;base64,dG9rZW46IEsxMDRiZjBiZWE0NTUyNDY4ZmEyYWMxMDM3NWI5MzQ3OTM4NjA4YTEwNDdhN2UzNTljYmMzMzBlZGZmMDFhMGU3YjA6OnNlcnZlcjphMzRjZjhjZTdmZTY0N2MyNTRlNWYzZjNiNjg3MjNmOAoKc2VydmVyOiBodHRwczovLzE5Mi4xNjguMTI0LjEyMzo5MzQ1Cg==\",\"verification\":{}},\"mode\":644}]},\"systemd\":{\"units\":[{\"contents\":\"[Unit]\\nDescription=Install RKE2 Agent\\nAfter=network-online.target\\nWants=network-online.target\\nConditionPathExists=!/var/lib/rancher/rke2/rke2-agent-install.done\\n\\n[Service]\\nType=oneshot\\nEnvironment=\\\"INSTALL_RKE2_METHOD=tar\\\"\\nEnvironment=\\\"INSTALL_RKE2_TYPE=agent\\\"\\nExecStart=/bin/sh -c 'curl -sfL https://get.rke2.io | sh - \\u0026\\u0026 systemctl enable rke2-agent.service \\u0026\\u0026 systemctl start rke2-agent.service \\u0026\\u0026 touch /var/lib/rancher/rke2/rke2-agent-install.done'\\nRemainAfterExit=yes\\n\\n[Install]\\nWantedBy=multi-user.target\\n\",\"enabled\":true,\"name\":\"rke2-agent-install.service\"}]}}",
            "replace": null,
            "systemd": [
              "{\"contents\":\"[Unit]\\nDescription=Install RKE2 Agent\\nAfter=network-online.target\\nWants=network-online.target\\nConditionPathExists=!/var/lib/rancher/rke2/rke2-agent-install.done\\n\\n[Service]\\nType=oneshot\\nEnvironment=\\\"INSTALL_RKE2_METHOD=tar\\\"\\nEnvironment=\\\"INSTALL_RKE2_TYPE=agent\\\"\\nExecStart=/bin/sh -c 'curl -sfL https://get.rke2.io | sh - \\u0026\\u0026 systemctl enable rke2-agent.service \\u0026\\u0026 systemctl start rke2-agent.service \\u0026\\u0026 touch /var/lib/rancher/rke2/rke2-agent-install.done'\\nRemainAfterExit=yes\\n\\n[Install]\\nWantedBy=multi-user.target\\n\",\"enabled\":true,\"name\":\"rke2-agent-install.service\"}"
            ],
            "tls_ca": null,
            "users": [
              "{\"name\":\"core\",\"sshAuthorizedKeys\":[\"ssh-ed25519 AAAAC3NzaC1lZDI1NTE5AAAAIOR2IHHp5djKZZSfssIXYS1hz1qBFW2z90De4D4B63as astrosteveo@archimedes\\n\"]}"
            ]
          },
          "sensitive_attributes": []
        },
        {
          "index_key": "Io-3",
          "schema_version": 0,
          "attributes": {
            "arrays": null,
            "directories": null,
            "disks": null,
            "files": [
              "{\"group\":{},\"overwrite\":false,\"path\":\"/etc/hostname\",\"user\":{},\"contents\":{\"source\":\"data:text/plain;charset=utf-8;base64,SW8tMw==\",\"verification\":{}},\"mode\":644}",
              "{\"group\":{},\"overwrite\":false,\"path\":\"/etc/rancher/rke2/config.yaml\",\"user\":{},\"contents\":{\"source\":\"data:text/plain;charset=utf-8;base64,dG9rZW46IEsxMDRiZjBiZWE0NTUyNDY4ZmEyYWMxMDM3NWI5MzQ3OTM4NjA4YTEwNDdhN2UzNTljYmMzMzBlZGZmMDFhMGU3YjA6OnNlcnZlcjphMzRjZjhjZTdmZTY0N2MyNTRlNWYzZjNiNjg3MjNmOAoKc2VydmVyOiBodHRwczovLzE5Mi4xNjguMTI0LjEyMzo5MzQ1Cg==\",\"verification\":{}},\"mode\":644}"
            ],
            "filesystems": null,
            "groups": null,
            "id": "4e8d5982e78836db2438a84fe7870b2dd3591c91e191d11b551303308c3f226b",
            "kernel_arguments": null,
            "links": null,
            "luks": null,
            "merge": null,
            "rendered": "{\"ignition\":{\"config\":{\"replace\":{\"verification\":{}}},\"proxy\":{},\"security\":{\"tls\":{}},\"timeouts\":{},\"version\":\"3.4.0\"},\"kernelArguments\":{},\"passwd\":{\"users\":[{\"name\":\"core\",\"sshAuthorizedKeys\":[\"ssh-ed25519 AAAAC3NzaC1lZDI1NTE5AAAAIOR2IHHp5djKZZSfssIXYS1hz1qBFW2z90De4D4B63as astrosteveo@archimedes\\n\"]}]},\"storage\":{\"files\":[{\"group\":{},\"overwrite\":false,\"path\":\"/etc/hostname\",\"user\":{},\"contents\":{\"source\":\"data:text/plain;charset=utf-8;base64,SW8tMw==\",\"verification\":{}},\"mode\":644},{\"group\":{},\"overwrite\":false,\"path\":\"/etc/rancher/rke2/config.yaml\",\"user\":{},\"contents\":{\"source\":\"data:text/plain;charset=utf-8;base64,dG9rZW46IEsxMDRiZjBiZWE0NTUyNDY4ZmEyYWMxMDM3NWI5MzQ3OTM4NjA4YTEwNDdhN2UzNTljYmMzMzBlZGZmMDFhMGU3YjA6OnNlcnZlcjphMzRjZjhjZTdmZTY0N2MyNTRlNWYzZjNiNjg3MjNmOAoKc2VydmVyOiBodHRwczovLzE5Mi4xNjguMTI0LjEyMzo5MzQ1Cg==\",\"verification\":{}},\"mode\":644}]},\"systemd\":{\"units\":[{\"contents\":\"[Unit]\\nDescription=Install RKE2 Agent\\nAfter=network-online.target\\nWants=network-online.target\\nConditionPathExists=!/var/lib/rancher/rke2/rke2-agent-install.done\\n\\n[Service]\\nType=oneshot\\nEnvironment=\\\"INSTALL_RKE2_METHOD=tar\\\"\\nEnvironment=\\\"INSTALL_RKE2_TYPE=agent\\\"\\nExecStart=/bin/sh -c 'curl -sfL https://get.rke2.io | sh - \\u0026\\u0026 systemctl enable rke2-agent.service \\u0026\\u0026 systemctl start rke2-agent.service \\u0026\\u0026 touch /var/lib/rancher/rke2/rke2-agent-install.done'\\nRemainAfterExit=yes\\n\\n[Install]\\nWantedBy=multi-user.target\\n\",\"enabled\":true,\"name\":\"rke2-agent-install.service\"}]}}",
            "replace": null,
            "systemd": [
              "{\"contents\":\"[Unit]\\nDescription=Install RKE2 Agent\\nAfter=network-online.target\\nWants=network-online.target\\nConditionPathExists=!/var/lib/rancher/rke2/rke2-agent-install.done\\n\\n[Service]\\nType=oneshot\\nEnvironment=\\\"INSTALL_RKE2_METHOD=tar\\\"\\nEnvironment=\\\"INSTALL_RKE2_TYPE=agent\\\"\\nExecStart=/bin/sh -c 'curl -sfL https://get.rke2.io | sh - \\u0026\\u0026 systemctl enable rke2-agent.service \\u0026\\u0026 systemctl start rke2-agent.service \\u0026\\u0026 touch /var/lib/rancher/rke2/rke2-agent-install.done'\\nRemainAfterExit=yes\\n\\n[Install]\\nWantedBy=multi-user.target\\n\",\"enabled\":true,\"name\":\"rke2-agent-install.service\"}"
            ],
            "tls_ca": null,
            "users": [
              "{\"name\":\"core\",\"sshAuthorizedKeys\":[\"ssh-ed25519 AAAAC3NzaC1lZDI1NTE5AAAAIOR2IHHp5djKZZSfssIXYS1hz1qBFW2z90De4D4B63as astrosteveo@archimedes\\n\"]}"
            ]
          },
          "sensitive_attributes": []
        }
      ]
    },
    {
      "mode": "data",
      "type": "ignition_file",
      "name": "control_hostname",
      "provider": "provider[\"registry.terraform.io/community-terraform-providers/ignition\"]",
      "instances": [
        {
          "index_key": "Mercury-1",
          "schema_version": 0,
          "attributes": {
            "content": [
              {
                "content": "Mercury-1",
                "mime": "text/plain"
              }
            ],
            "gid": null,
            "id": "3611aa909e89308224b3ffcbe1777734711cc39a6a112f72bd1f738d277d3a6f",
            "mode": 644,
            "overwrite": false,
            "path": "/etc/hostname",
            "rendered": "{\"group\":{},\"overwrite\":false,\"path\":\"/etc/hostname\",\"user\":{},\"contents\":{\"source\":\"data:text/plain;charset=utf-8;base64,TWVyY3VyeS0x\",\"verification\":{}},\"mode\":644}",
            "source": null,
            "uid": null
          },
          "sensitive_attributes": []
        }
      ]
    },
    {
      "mode": "data",
      "type": "ignition_file",
      "name": "worker_hostname",
      "provider": "provider[\"registry.terraform.io/community-terraform-providers/ignition\"]",
      "instances": [
        {
          "index_key": "Io-1",
          "schema_version": 0,
          "attributes": {
            "content": [
              {
                "content": "Io-1",
                "mime": "text/plain"
              }
            ],
            "gid": null,
            "id": "588d086ee692649a466caf5f4352e4ceb404b6148ae37e5b28843b9aba931470",
            "mode": 644,
            "overwrite": false,
            "path": "/etc/hostname",
            "rendered": "{\"group\":{},\"overwrite\":false,\"path\":\"/etc/hostname\",\"user\":{},\"contents\":{\"source\":\"data:text/plain;charset=utf-8;base64,SW8tMQ==\",\"verification\":{}},\"mode\":644}",
            "source": null,
            "uid": null
          },
          "sensitive_attributes": []
        },
        {
          "index_key": "Io-2",
          "schema_version": 0,
          "attributes": {
            "content": [
              {
                "content": "Io-2",
                "mime": "text/plain"
              }
            ],
            "gid": null,
            "id": "48f725b8cab33bfc0cbfbde93a5cdcd2f1671ab42251adbab8cbb2c2ae7c58aa",
            "mode": 644,
            "overwrite": false,
            "path": "/etc/hostname",
            "rendered": "{\"group\":{},\"overwrite\":false,\"path\":\"/etc/hostname\",\"user\":{},\"contents\":{\"source\":\"data:text/plain;charset=utf-8;base64,SW8tMg==\",\"verification\":{}},\"mode\":644}",
            "source": null,
            "uid": null
          },
          "sensitive_attributes": []
        },
        {
          "index_key": "Io-3",
          "schema_version": 0,
          "attributes": {
            "content": [
              {
                "content": "Io-3",
                "mime": "text/plain"
              }
            ],
            "gid": null,
            "id": "814f54bffb80915a7fcd2d0ec288921cf9a6c4016e776401eb9b0e99c22f9cc4",
            "mode": 644,
            "overwrite": false,
            "path": "/etc/hostname",
            "rendered": "{\"group\":{},\"overwrite\":false,\"path\":\"/etc/hostname\",\"user\":{},\"contents\":{\"source\":\"data:text/plain;charset=utf-8;base64,SW8tMw==\",\"verification\":{}},\"mode\":644}",
            "source": null,
            "uid": null
          },
          "sensitive_attributes": []
        }
      ]
    },
    {
      "mode": "data",
      "type": "ignition_file",
      "name": "worker_rke2_config",
      "provider": "provider[\"registry.terraform.io/community-terraform-providers/ignition\"]",
      "instances": [
        {
          "index_key": "Io-1",
          "schema_version": 0,
          "attributes": {
            "content": [
              {
                "content": "token: K104bf0bea4552468fa2ac10375b9347938608a1047a7e359cbc330edff01a0e7b0::server:a34cf8ce7fe647c254e5f3f3b68723f8\n\nserver: https://192.168.124.123:9345\n",
                "mime": "text/plain"
              }
            ],
            "gid": null,
            "id": "0dba5358b7202a137b20215c674b6b4c8da918531957ee62eeb1255d9b730478",
            "mode": 644,
            "overwrite": false,
            "path": "/etc/rancher/rke2/config.yaml",
            "rendered": "{\"group\":{},\"overwrite\":false,\"path\":\"/etc/rancher/rke2/config.yaml\",\"user\":{},\"contents\":{\"source\":\"data:text/plain;charset=utf-8;base64,dG9rZW46IEsxMDRiZjBiZWE0NTUyNDY4ZmEyYWMxMDM3NWI5MzQ3OTM4NjA4YTEwNDdhN2UzNTljYmMzMzBlZGZmMDFhMGU3YjA6OnNlcnZlcjphMzRjZjhjZTdmZTY0N2MyNTRlNWYzZjNiNjg3MjNmOAoKc2VydmVyOiBodHRwczovLzE5Mi4xNjguMTI0LjEyMzo5MzQ1Cg==\",\"verification\":{}},\"mode\":644}",
            "source": null,
            "uid": null
          },
          "sensitive_attributes": []
        },
        {
          "index_key": "Io-2",
          "schema_version": 0,
          "attributes": {
            "content": [
              {
                "content": "token: K104bf0bea4552468fa2ac10375b9347938608a1047a7e359cbc330edff01a0e7b0::server:a34cf8ce7fe647c254e5f3f3b68723f8\n\nserver: https://192.168.124.123:9345\n",
                "mime": "text/plain"
              }
            ],
            "gid": null,
            "id": "0dba5358b7202a137b20215c674b6b4c8da918531957ee62eeb1255d9b730478",
            "mode": 644,
            "overwrite": false,
            "path": "/etc/rancher/rke2/config.yaml",
            "rendered": "{\"group\":{},\"overwrite\":false,\"path\":\"/etc/rancher/rke2/config.yaml\",\"user\":{},\"contents\":{\"source\":\"data:text/plain;charset=utf-8;base64,dG9rZW46IEsxMDRiZjBiZWE0NTUyNDY4ZmEyYWMxMDM3NWI5MzQ3OTM4NjA4YTEwNDdhN2UzNTljYmMzMzBlZGZmMDFhMGU3YjA6OnNlcnZlcjphMzRjZjhjZTdmZTY0N2MyNTRlNWYzZjNiNjg3MjNmOAoKc2VydmVyOiBodHRwczovLzE5Mi4xNjguMTI0LjEyMzo5MzQ1Cg==\",\"verification\":{}},\"mode\":644}",
            "source": null,
            "uid": null
          },
          "sensitive_attributes": []
        },
        {
          "index_key": "Io-3",
          "schema_version": 0,
          "attributes": {
            "content": [
              {
                "content": "token: K104bf0bea4552468fa2ac10375b9347938608a1047a7e359cbc330edff01a0e7b0::server:a34cf8ce7fe647c254e5f3f3b68723f8\n\nserver: https://192.168.124.123:9345\n",
                "mime": "text/plain"
              }
            ],
            "gid": null,
            "id": "0dba5358b7202a137b20215c674b6b4c8da918531957ee62eeb1255d9b730478",
            "mode": 644,
            "overwrite": false,
            "path": "/etc/rancher/rke2/config.yaml",
            "rendered": "{\"group\":{},\"overwrite\":false,\"path\":\"/etc/rancher/rke2/config.yaml\",\"user\":{},\"contents\":{\"source\":\"data:text/plain;charset=utf-8;base64,dG9rZW46IEsxMDRiZjBiZWE0NTUyNDY4ZmEyYWMxMDM3NWI5MzQ3OTM4NjA4YTEwNDdhN2UzNTljYmMzMzBlZGZmMDFhMGU3YjA6OnNlcnZlcjphMzRjZjhjZTdmZTY0N2MyNTRlNWYzZjNiNjg3MjNmOAoKc2VydmVyOiBodHRwczovLzE5Mi4xNjguMTI0LjEyMzo5MzQ1Cg==\",\"verification\":{}},\"mode\":644}",
            "source": null,
            "uid": null
          },
          "sensitive_attributes": []
        }
      ]
    },
    {
      "mode": "data",
      "type": "ignition_systemd_unit",
      "name": "control_rke2_install",
      "provider": "provider[\"registry.terraform.io/community-terraform-providers/ignition\"]",
      "instances": [
        {
          "index_key": "Mercury-1",
          "schema_version": 0,
          "attributes": {
            "content": "[Unit]\nDescription=Install RKE2 Server\nAfter=network-online.target\nWants=network-online.target\nConditionPathExists=!/var/lib/rancher/rke2/rke2-server-install.done\n\n[Service]\nType=oneshot\nEnvironment=\"INSTALL_RKE2_METHOD=tar\"\nEnvironment=\"INSTALL_RKE2_TYPE=server\"\nExecStart=/bin/sh -c 'curl -sfL https://get.rke2.io | sh - \u0026\u0026 systemctl enable rke2-server.service \u0026\u0026 systemctl start rke2-server.service \u0026\u0026 touch /var/lib/rancher/rke2/rke2-server-install.done'\nRemainAfterExit=yes\n\n[Install]\nWantedBy=multi-user.target\n",
            "dropin": null,
            "enabled": true,
            "id": "8c3f19eb33c2e87fbb5f9cf865b56e3a7042c503069c443f25d22149cdbee82d",
            "mask": null,
            "name": "rke2-server-install.service",
            "rendered": "{\"contents\":\"[Unit]\\nDescription=Install RKE2 Server\\nAfter=network-online.target\\nWants=network-online.target\\nConditionPathExists=!/var/lib/rancher/rke2/rke2-server-install.done\\n\\n[Service]\\nType=oneshot\\nEnvironment=\\\"INSTALL_RKE2_METHOD=tar\\\"\\nEnvironment=\\\"INSTALL_RKE2_TYPE=server\\\"\\nExecStart=/bin/sh -c 'curl -sfL https://get.rke2.io | sh - \\u0026\\u0026 systemctl enable rke2-server.service \\u0026\\u0026 systemctl start rke2-server.service \\u0026\\u0026 touch /var/lib/rancher/rke2/rke2-server-install.done'\\nRemainAfterExit=yes\\n\\n[Install]\\nWantedBy=multi-user.target\\n\",\"enabled\":true,\"name\":\"rke2-server-install.service\"}"
          },
          "sensitive_attributes": []
        }
      ]
    },
    {
      "mode": "data",
      "type": "ignition_systemd_unit",
      "name": "worker_rke2_install",
      "provider": "provider[\"registry.terraform.io/community-terraform-providers/ignition\"]",
      "instances": [
        {
          "index_key": "Io-1",
          "schema_version": 0,
          "attributes": {
            "content": "[Unit]\nDescription=Install RKE2 Agent\nAfter=network-online.target\nWants=network-online.target\nConditionPathExists=!/var/lib/rancher/rke2/rke2-agent-install.done\n\n[Service]\nType=oneshot\nEnvironment=\"INSTALL_RKE2_METHOD=tar\"\nEnvironment=\"INSTALL_RKE2_TYPE=agent\"\nExecStart=/bin/sh -c 'curl -sfL https://get.rke2.io | sh - \u0026\u0026 systemctl enable rke2-agent.service \u0026\u0026 systemctl start rke2-agent.service \u0026\u0026 touch /var/lib/rancher/rke2/rke2-agent-install.done'\nRemainAfterExit=yes\n\n[Install]\nWantedBy=multi-user.target\n",
            "dropin": null,
            "enabled": true,
            "id": "0a3a49961a56973c2f28c3716dd9d1df1ad065069b899db938894c4a6041e044",
            "mask": null,
            "name": "rke2-agent-install.service",
            "rendered": "{\"contents\":\"[Unit]\\nDescription=Install RKE2 Agent\\nAfter=network-online.target\\nWants=network-online.target\\nConditionPathExists=!/var/lib/rancher/rke2/rke2-agent-install.done\\n\\n[Service]\\nType=oneshot\\nEnvironment=\\\"INSTALL_RKE2_METHOD=tar\\\"\\nEnvironment=\\\"INSTALL_RKE2_TYPE=agent\\\"\\nExecStart=/bin/sh -c 'curl -sfL https://get.rke2.io | sh - \\u0026\\u0026 systemctl enable rke2-agent.service \\u0026\\u0026 systemctl start rke2-agent.service \\u0026\\u0026 touch /var/lib/rancher/rke2/rke2-agent-install.done'\\nRemainAfterExit=yes\\n\\n[Install]\\nWantedBy=multi-user.target\\n\",\"enabled\":true,\"name\":\"rke2-agent-install.service\"}"
          },
          "sensitive_attributes": []
        },
        {
          "index_key": "Io-2",
          "schema_version": 0,
          "attributes": {
            "content": "[Unit]\nDescription=Install RKE2 Agent\nAfter=network-online.target\nWants=network-online.target\nConditionPathExists=!/var/lib/rancher/rke2/rke2-agent-install.done\n\n[Service]\nType=oneshot\nEnvironment=\"INSTALL_RKE2_METHOD=tar\"\nEnvironment=\"INSTALL_RKE2_TYPE=agent\"\nExecStart=/bin/sh -c 'curl -sfL https://get.rke2.io | sh - \u0026\u0026 systemctl enable rke2-agent.service \u0026\u0026 systemctl start rke2-agent.service \u0026\u0026 touch /var/lib/rancher/rke2/rke2-agent-install.done'\nRemainAfterExit=yes\n\n[Install]\nWantedBy=multi-user.target\n",
            "dropin": null,
            "enabled": true,
            "id": "0a3a49961a56973c2f28c3716dd9d1df1ad065069b899db938894c4a6041e044",
            "mask": null,
            "name": "rke2-agent-install.service",
            "rendered": "{\"contents\":\"[Unit]\\nDescription=Install RKE2 Agent\\nAfter=network-online.target\\nWants=network-online.target\\nConditionPathExists=!/var/lib/rancher/rke2/rke2-agent-install.done\\n\\n[Service]\\nType=oneshot\\nEnvironment=\\\"INSTALL_RKE2_METHOD=tar\\\"\\nEnvironment=\\\"INSTALL_RKE2_TYPE=agent\\\"\\nExecStart=/bin/sh -c 'curl -sfL https://get.rke2.io | sh - \\u0026\\u0026 systemctl enable rke2-agent.service \\u0026\\u0026 systemctl start rke2-agent.service \\u0026\\u0026 touch /var/lib/rancher/rke2/rke2-agent-install.done'\\nRemainAfterExit=yes\\n\\n[Install]\\nWantedBy=multi-user.target\\n\",\"enabled\":true,\"name\":\"rke2-agent-install.service\"}"
          },
          "sensitive_attributes": []
        },
        {
          "index_key": "Io-3",
          "schema_version": 0,
          "attributes": {
            "content": "[Unit]\nDescription=Install RKE2 Agent\nAfter=network-online.target\nWants=network-online.target\nConditionPathExists=!/var/lib/rancher/rke2/rke2-agent-install.done\n\n[Service]\nType=oneshot\nEnvironment=\"INSTALL_RKE2_METHOD=tar\"\nEnvironment=\"INSTALL_RKE2_TYPE=agent\"\nExecStart=/bin/sh -c 'curl -sfL https://get.rke2.io | sh - \u0026\u0026 systemctl enable rke2-agent.service \u0026\u0026 systemctl start rke2-agent.service \u0026\u0026 touch /var/lib/rancher/rke2/rke2-agent-install.done'\nRemainAfterExit=yes\n\n[Install]\nWantedBy=multi-user.target\n",
            "dropin": null,
            "enabled": true,
            "id": "0a3a49961a56973c2f28c3716dd9d1df1ad065069b899db938894c4a6041e044",
            "mask": null,
            "name": "rke2-agent-install.service",
            "rendered": "{\"contents\":\"[Unit]\\nDescription=Install RKE2 Agent\\nAfter=network-online.target\\nWants=network-online.target\\nConditionPathExists=!/var/lib/rancher/rke2/rke2-agent-install.done\\n\\n[Service]\\nType=oneshot\\nEnvironment=\\\"INSTALL_RKE2_METHOD=tar\\\"\\nEnvironment=\\\"INSTALL_RKE2_TYPE=agent\\\"\\nExecStart=/bin/sh -c 'curl -sfL https://get.rke2.io | sh - \\u0026\\u0026 systemctl enable rke2-agent.service \\u0026\\u0026 systemctl start rke2-agent.service \\u0026\\u0026 touch /var/lib/rancher/rke2/rke2-agent-install.done'\\nRemainAfterExit=yes\\n\\n[Install]\\nWantedBy=multi-user.target\\n\",\"enabled\":true,\"name\":\"rke2-agent-install.service\"}"
          },
          "sensitive_attributes": []
        }
      ]
    },
    {
      "mode": "data",
      "type": "ignition_user",
      "name": "core",
      "provider": "provider[\"registry.terraform.io/community-terraform-providers/ignition\"]",
      "instances": [
        {
          "schema_version": 0,
          "attributes": {
            "gecos": null,
            "groups": null,
            "home_dir": null,
            "id": "0be8cb15eba8eaa685f8a65999cf965a51abf114211e7db62fc64749f747a11f",
            "name": "core",
            "no_create_home": null,
            "no_log_init": null,
            "no_user_group": null,
            "password_hash": null,
            "primary_group": null,
            "rendered": "{\"name\":\"core\",\"sshAuthorizedKeys\":[\"ssh-ed25519 AAAAC3NzaC1lZDI1NTE5AAAAIOR2IHHp5djKZZSfssIXYS1hz1qBFW2z90De4D4B63as astrosteveo@archimedes\\n\"]}",
            "shell": null,
            "ssh_authorized_keys": [
              "ssh-ed25519 AAAAC3NzaC1lZDI1NTE5AAAAIOR2IHHp5djKZZSfssIXYS1hz1qBFW2z90De4D4B63as astrosteveo@archimedes\n"
            ],
            "system": null,
            "uid": null
          },
          "sensitive_attributes": []
        }
      ]
    },
    {
      "mode": "data",
      "type": "local_file",
      "name": "control_token",
      "provider": "provider[\"registry.terraform.io/hashicorp/local\"]",
      "instances": [
        {
          "schema_version": 0,
          "attributes": {
            "content": "K104bf0bea4552468fa2ac10375b9347938608a1047a7e359cbc330edff01a0e7b0::server:a34cf8ce7fe647c254e5f3f3b68723f8\n",
            "content_base64": "SzEwNGJmMGJlYTQ1NTI0NjhmYTJhYzEwMzc1YjkzNDc5Mzg2MDhhMTA0N2E3ZTM1OWNiYzMzMGVkZmYwMWEwZTdiMDo6c2VydmVyOmEzNGNmOGNlN2ZlNjQ3YzI1NGU1ZjNmM2I2ODcyM2Y4Cg==",
            "content_base64sha256": "ZzsaXTvcUOqNbTlSsHmwYIL7p/9O5qIj7Y3O6GOS2GQ=",
            "content_base64sha512": "vJ417Dqi2j9j47MuYEJTlph6mz9loyZEYgUb095x3ZKcegWJexeTa85tQ8sDhb4OfItPyR3DDVQa+sLeyEJhOA==",
            "content_md5": "193464f84ebaa30f82fad6181f2917e9",
            "content_sha1": "ae10e511e70b6775de5da70bd85f6ce7453cac8e",
            "content_sha256": "673b1a5d3bdc50ea8d6d3952b079b06082fba7ff4ee6a223ed8dcee86392d864",
            "content_sha512": "bc9e35ec3aa2da3f63e3b32e60425396987a9b3f65a3264462051bd3de71dd929c7a05897b17936bce6d43cb0385be0e7c8b4fc91dc30d541afac2dec8426138",
            "filename": "./control_token.txt",
            "id": "ae10e511e70b6775de5da70bd85f6ce7453cac8e"
          },
          "sensitive_attributes": []
        }
      ]
    },
    {
      "mode": "data",
      "type": "local_file",
      "name": "ssh_key",
      "provider": "provider[\"registry.terraform.io/hashicorp/local\"]",
      "instances": [
        {
          "schema_version": 0,
          "attributes": {
            "content": "ssh-ed25519 AAAAC3NzaC1lZDI1NTE5AAAAIOR2IHHp5djKZZSfssIXYS1hz1qBFW2z90De4D4B63as astrosteveo@archimedes\n",
            "content_base64": "c3NoLWVkMjU1MTkgQUFBQUMzTnphQzFsWkRJMU5URTVBQUFBSU9SMklISHA1ZGpLWlpTZnNzSVhZUzFoejFxQkZXMno5MERlNEQ0QjYzYXMgYXN0cm9zdGV2ZW9AYXJjaGltZWRlcwo=",
            "content_base64sha256": "rsIH6eBvr4hJ95/OQDVPbgqxSAusyWtjvx1EjJ8zHGI=",
            "content_base64sha512": "YRSIR1uuvA9DXF2JW55N0DTQxLBg7SOeAo0STW3iUUwCRbGFNJJhLv22IB01pCEuHmBSrySfAWIhTw0B6AVmkw==",
            "content_md5": "ba17a273e387e3e94f87cf49f24b5b37",
            "content_sha1": "58e27e2489c5a8526971f9ea71c63f0856e97c99",
            "content_sha256": "aec207e9e06faf8849f79fce40354f6e0ab1480bacc96b63bf1d448c9f331c62",
            "content_sha512": "611488475baebc0f435c5d895b9e4dd034d0c4b060ed239e028d124d6de2514c0245b1853492612efdb6201d35a4212e1e6052af249f0162214f0d01e8056693",
            "filename": "/home/astrosteveo/.ssh/id_ed25519.pub",
            "id": "58e27e2489c5a8526971f9ea71c63f0856e97c99"
          },
          "sensitive_attributes": []
        }
      ]
    },
    {
      "mode": "managed",
      "type": "libvirt_domain",
      "name": "control",
      "provider": "provider[\"registry.terraform.io/dmacvicar/libvirt\"]",
      "instances": [
        {
          "index_key": "Mercury-1",
          "schema_version": 0,
          "attributes": {
            "arch": "x86_64",
            "autostart": false,
            "boot_device": [],
            "cloudinit": null,
            "cmdline": null,
            "console": [
              {
                "source_host": "127.0.0.1",
                "source_path": "",
                "source_service": "0",
                "target_port": "0",
                "target_type": "serial",
                "type": "pty"
              }
            ],
            "coreos_ignition": "/var/lib/libvirt/images/Mercury-1.ign;c56f2c01-413b-4edf-a267-90c6a3060861",
            "cpu": [
              {
                "mode": "custom"
              }
            ],
            "description": "",
            "disk": [
              {
                "block_device": "",
                "file": "",
                "scsi": false,
                "url": "",
                "volume_id": "/var/lib/libvirt/images/rke2/Mercury-1.qcow2",
                "wwn": ""
              }
            ],
            "emulator": "/usr/bin/qemu-system-x86_64",
            "filesystem": [],
            "firmware": null,
            "fw_cfg_name": "opt/com.coreos/config",
            "graphics": [],
            "id": "8add5284-26b2-4a34-a9f3-2e516a8ced63",
            "initrd": "",
            "kernel": "",
            "machine": "pc",
            "memory": 4096,
            "metadata": null,
            "name": "Mercury-1",
            "network_interface": [
              {
                "addresses": [
                  "192.168.124.123"
                ],
                "bridge": "",
                "hostname": "",
                "mac": "52:54:00:4A:6A:A2",
                "macvtap": "",
                "network_id": "e276e40a-8095-479f-871c-8ca9bdf33989",
                "network_name": "rke_network",
                "passthrough": "",
                "vepa": "",
                "wait_for_lease": true
              }
            ],
            "nvram": null,
            "qemu_agent": false,
            "running": true,
            "timeouts": null,
            "tpm": [],
            "type": "kvm",
            "vcpu": 2,
            "video": [],
            "xml": []
          },
          "sensitive_attributes": [],
          "private": "eyJlMmJmYjczMC1lY2FhLTExZTYtOGY4OC0zNDM2M2JjN2M0YzAiOnsiY3JlYXRlIjozMDAwMDAwMDAwMDB9fQ==",
          "dependencies": [
            "data.ignition_config.control_plane_ignition",
            "data.ignition_file.control_hostname",
            "data.ignition_systemd_unit.control_rke2_install",
            "data.ignition_user.core",
            "data.local_file.ssh_key",
            "libvirt_ignition.control_plane_ignition",
            "libvirt_network.rke_network",
            "libvirt_pool.rke2",
            "libvirt_volume.control_disk",
            "null_resource.fix_rke2_permissions",
            "null_resource.prepare_fcos_image"
          ]
        }
      ]
    },
    {
      "mode": "managed",
      "type": "libvirt_domain",
      "name": "worker",
      "provider": "provider[\"registry.terraform.io/dmacvicar/libvirt\"]",
      "instances": [
        {
          "index_key": "Io-1",
          "schema_version": 0,
          "attributes": {
            "arch": "x86_64",
            "autostart": false,
            "boot_device": [],
            "cloudinit": null,
            "cmdline": null,
            "console": [
              {
                "source_host": "127.0.0.1",
                "source_path": "",
                "source_service": "0",
                "target_port": "0",
                "target_type": "serial",
                "type": "pty"
              }
            ],
            "coreos_ignition": "/var/lib/libvirt/images/Io-1.ign;0240ddf9-0266-4276-bac8-0c92d75828a5",
            "cpu": [
              {
                "mode": "custom"
              }
            ],
            "description": "",
            "disk": [
              {
                "block_device": "",
                "file": "",
                "scsi": false,
                "url": "",
                "volume_id": "/var/lib/libvirt/images/rke2/Io-1.qcow2",
                "wwn": ""
              }
            ],
            "emulator": "/usr/bin/qemu-system-x86_64",
            "filesystem": [],
            "firmware": null,
            "fw_cfg_name": "opt/com.coreos/config",
            "graphics": [],
            "id": "3502a00a-422e-4572-aa72-422c086eba50",
            "initrd": "",
            "kernel": "",
            "machine": "pc",
            "memory": 2048,
            "metadata": null,
            "name": "Io-1",
            "network_interface": [
              {
                "addresses": [
                  "192.168.124.47"
                ],
                "bridge": "",
                "hostname": "",
                "mac": "52:54:00:6E:89:65",
                "macvtap": "",
                "network_id": "e276e40a-8095-479f-871c-8ca9bdf33989",
                "network_name": "rke_network",
                "passthrough": "",
                "vepa": "",
                "wait_for_lease": true
              }
            ],
            "nvram": null,
            "qemu_agent": false,
            "running": true,
            "timeouts": null,
            "tpm": [],
            "type": "kvm",
            "vcpu": 2,
            "video": [],
            "xml": []
          },
          "sensitive_attributes": [],
          "private": "eyJlMmJmYjczMC1lY2FhLTExZTYtOGY4OC0zNDM2M2JjN2M0YzAiOnsiY3JlYXRlIjozMDAwMDAwMDAwMDB9fQ==",
          "dependencies": [
            "data.ignition_config.control_plane_ignition",
            "data.ignition_config.worker_ignition",
            "data.ignition_file.control_hostname",
            "data.ignition_file.worker_hostname",
            "data.ignition_file.worker_rke2_config",
            "data.ignition_systemd_unit.control_rke2_install",
            "data.ignition_systemd_unit.worker_rke2_install",
            "data.ignition_user.core",
            "data.local_file.control_token",
            "data.local_file.ssh_key",
            "libvirt_domain.control",
            "libvirt_ignition.control_plane_ignition",
            "libvirt_ignition.worker_ignition",
            "libvirt_network.rke_network",
            "libvirt_pool.rke2",
            "libvirt_volume.control_disk",
            "libvirt_volume.worker_disk",
            "null_resource.fix_rke2_permissions",
            "null_resource.get_control_token",
            "null_resource.prepare_fcos_image"
          ]
        },
        {
          "index_key": "Io-2",
          "schema_version": 0,
          "attributes": {
            "arch": "x86_64",
            "autostart": false,
            "boot_device": [],
            "cloudinit": null,
            "cmdline": null,
            "console": [
              {
                "source_host": "127.0.0.1",
                "source_path": "",
                "source_service": "0",
                "target_port": "0",
                "target_type": "serial",
                "type": "pty"
              }
            ],
            "coreos_ignition": "/var/lib/libvirt/images/Io-2.ign;fb596eea-47d2-4310-82dd-c918a5479a57",
            "cpu": [
              {
                "mode": "custom"
              }
            ],
            "description": "",
            "disk": [
              {
                "block_device": "",
                "file": "",
                "scsi": false,
                "url": "",
                "volume_id": "/var/lib/libvirt/images/rke2/Io-2.qcow2",
                "wwn": ""
              }
            ],
            "emulator": "/usr/bin/qemu-system-x86_64",
            "filesystem": [],
            "firmware": null,
            "fw_cfg_name": "opt/com.coreos/config",
            "graphics": [],
            "id": "890753b2-b9c3-4d76-b979-c5475fc270a8",
            "initrd": "",
            "kernel": "",
            "machine": "pc",
            "memory": 2048,
            "metadata": null,
            "name": "Io-2",
            "network_interface": [
              {
                "addresses": [
                  "192.168.124.3"
                ],
                "bridge": "",
                "hostname": "",
                "mac": "52:54:00:36:89:BC",
                "macvtap": "",
                "network_id": "e276e40a-8095-479f-871c-8ca9bdf33989",
                "network_name": "rke_network",
                "passthrough": "",
                "vepa": "",
                "wait_for_lease": true
              }
            ],
            "nvram": null,
            "qemu_agent": false,
            "running": true,
            "timeouts": null,
            "tpm": [],
            "type": "kvm",
            "vcpu": 2,
            "video": [],
            "xml": []
          },
          "sensitive_attributes": [],
          "private": "eyJlMmJmYjczMC1lY2FhLTExZTYtOGY4OC0zNDM2M2JjN2M0YzAiOnsiY3JlYXRlIjozMDAwMDAwMDAwMDB9fQ==",
          "dependencies": [
            "data.ignition_config.control_plane_ignition",
            "data.ignition_config.worker_ignition",
            "data.ignition_file.control_hostname",
            "data.ignition_file.worker_hostname",
            "data.ignition_file.worker_rke2_config",
            "data.ignition_systemd_unit.control_rke2_install",
            "data.ignition_systemd_unit.worker_rke2_install",
            "data.ignition_user.core",
            "data.local_file.control_token",
            "data.local_file.ssh_key",
            "libvirt_domain.control",
            "libvirt_ignition.control_plane_ignition",
            "libvirt_ignition.worker_ignition",
            "libvirt_network.rke_network",
            "libvirt_pool.rke2",
            "libvirt_volume.control_disk",
            "libvirt_volume.worker_disk",
            "null_resource.fix_rke2_permissions",
            "null_resource.get_control_token",
            "null_resource.prepare_fcos_image"
          ]
        },
        {
          "index_key": "Io-3",
          "schema_version": 0,
          "attributes": {
            "arch": "x86_64",
            "autostart": false,
            "boot_device": [],
            "cloudinit": null,
            "cmdline": null,
            "console": [
              {
                "source_host": "127.0.0.1",
                "source_path": "",
                "source_service": "0",
                "target_port": "0",
                "target_type": "serial",
                "type": "pty"
              }
            ],
            "coreos_ignition": "/var/lib/libvirt/images/Io-3.ign;6f5dd44a-2760-41c7-ba1e-0f3da6f15bf4",
            "cpu": [
              {
                "mode": "custom"
              }
            ],
            "description": "",
            "disk": [
              {
                "block_device": "",
                "file": "",
                "scsi": false,
                "url": "",
                "volume_id": "/var/lib/libvirt/images/rke2/Io-3.qcow2",
                "wwn": ""
              }
            ],
            "emulator": "/usr/bin/qemu-system-x86_64",
            "filesystem": [],
            "firmware": null,
            "fw_cfg_name": "opt/com.coreos/config",
            "graphics": [],
            "id": "b6994542-42f3-45dc-b7f9-8b1f85b7df41",
            "initrd": "",
            "kernel": "",
            "machine": "pc",
            "memory": 2048,
            "metadata": null,
            "name": "Io-3",
            "network_interface": [
              {
                "addresses": [
                  "192.168.124.251"
                ],
                "bridge": "",
                "hostname": "",
                "mac": "52:54:00:72:6D:7D",
                "macvtap": "",
                "network_id": "e276e40a-8095-479f-871c-8ca9bdf33989",
                "network_name": "rke_network",
                "passthrough": "",
                "vepa": "",
                "wait_for_lease": true
              }
            ],
            "nvram": null,
            "qemu_agent": false,
            "running": true,
            "timeouts": null,
            "tpm": [],
            "type": "kvm",
            "vcpu": 2,
            "video": [],
            "xml": []
          },
          "sensitive_attributes": [],
          "private": "eyJlMmJmYjczMC1lY2FhLTExZTYtOGY4OC0zNDM2M2JjN2M0YzAiOnsiY3JlYXRlIjozMDAwMDAwMDAwMDB9fQ==",
          "dependencies": [
            "data.ignition_config.control_plane_ignition",
            "data.ignition_config.worker_ignition",
            "data.ignition_file.control_hostname",
            "data.ignition_file.worker_hostname",
            "data.ignition_file.worker_rke2_config",
            "data.ignition_systemd_unit.control_rke2_install",
            "data.ignition_systemd_unit.worker_rke2_install",
            "data.ignition_user.core",
            "data.local_file.control_token",
            "data.local_file.ssh_key",
            "libvirt_domain.control",
            "libvirt_ignition.control_plane_ignition",
            "libvirt_ignition.worker_ignition",
            "libvirt_network.rke_network",
            "libvirt_pool.rke2",
            "libvirt_volume.control_disk",
            "libvirt_volume.worker_disk",
            "null_resource.fix_rke2_permissions",
            "null_resource.get_control_token",
            "null_resource.prepare_fcos_image"
          ]
        }
      ]
    },
    {
      "mode": "managed",
      "type": "libvirt_ignition",
      "name": "control_plane_ignition",
      "provider": "provider[\"registry.terraform.io/dmacvicar/libvirt\"]",
      "instances": [
        {
          "index_key": "Mercury-1",
          "schema_version": 0,
          "attributes": {
            "content": "{\"ignition\":{\"config\":{\"replace\":{\"verification\":{}}},\"proxy\":{},\"security\":{\"tls\":{}},\"timeouts\":{},\"version\":\"3.4.0\"},\"kernelArguments\":{},\"passwd\":{\"users\":[{\"name\":\"core\",\"sshAuthorizedKeys\":[\"ssh-ed25519 AAAAC3NzaC1lZDI1NTE5AAAAIOR2IHHp5djKZZSfssIXYS1hz1qBFW2z90De4D4B63as astrosteveo@archimedes\\n\"]}]},\"storage\":{\"files\":[{\"group\":{},\"overwrite\":false,\"path\":\"/etc/hostname\",\"user\":{},\"contents\":{\"source\":\"data:text/plain;charset=utf-8;base64,TWVyY3VyeS0x\",\"verification\":{}},\"mode\":644}]},\"systemd\":{\"units\":[{\"contents\":\"[Unit]\\nDescription=Install RKE2 Server\\nAfter=network-online.target\\nWants=network-online.target\\nConditionPathExists=!/var/lib/rancher/rke2/rke2-server-install.done\\n\\n[Service]\\nType=oneshot\\nEnvironment=\\\"INSTALL_RKE2_METHOD=tar\\\"\\nEnvironment=\\\"INSTALL_RKE2_TYPE=server\\\"\\nExecStart=/bin/sh -c 'curl -sfL https://get.rke2.io | sh - \\u0026\\u0026 systemctl enable rke2-server.service \\u0026\\u0026 systemctl start rke2-server.service \\u0026\\u0026 touch /var/lib/rancher/rke2/rke2-server-install.done'\\nRemainAfterExit=yes\\n\\n[Install]\\nWantedBy=multi-user.target\\n\",\"enabled\":true,\"name\":\"rke2-server-install.service\"}]}}",
            "id": "/var/lib/libvirt/images/Mercury-1.ign;c56f2c01-413b-4edf-a267-90c6a3060861",
            "name": "Mercury-1.ign",
            "pool": "default"
          },
          "sensitive_attributes": [],
          "private": "bnVsbA==",
          "dependencies": [
            "data.ignition_config.control_plane_ignition",
            "data.ignition_file.control_hostname",
            "data.ignition_systemd_unit.control_rke2_install",
            "data.ignition_user.core",
            "data.local_file.ssh_key"
          ]
        }
      ]
    },
    {
      "mode": "managed",
      "type": "libvirt_ignition",
      "name": "worker_ignition",
      "provider": "provider[\"registry.terraform.io/dmacvicar/libvirt\"]",
      "instances": [
        {
          "index_key": "Io-1",
          "schema_version": 0,
          "attributes": {
            "content": "{\"ignition\":{\"config\":{\"replace\":{\"verification\":{}}},\"proxy\":{},\"security\":{\"tls\":{}},\"timeouts\":{},\"version\":\"3.4.0\"},\"kernelArguments\":{},\"passwd\":{\"users\":[{\"name\":\"core\",\"sshAuthorizedKeys\":[\"ssh-ed25519 AAAAC3NzaC1lZDI1NTE5AAAAIOR2IHHp5djKZZSfssIXYS1hz1qBFW2z90De4D4B63as astrosteveo@archimedes\\n\"]}]},\"storage\":{\"files\":[{\"group\":{},\"overwrite\":false,\"path\":\"/etc/hostname\",\"user\":{},\"contents\":{\"source\":\"data:text/plain;charset=utf-8;base64,SW8tMQ==\",\"verification\":{}},\"mode\":644},{\"group\":{},\"overwrite\":false,\"path\":\"/etc/rancher/rke2/config.yaml\",\"user\":{},\"contents\":{\"source\":\"data:text/plain;charset=utf-8;base64,dG9rZW46IEsxMDRiZjBiZWE0NTUyNDY4ZmEyYWMxMDM3NWI5MzQ3OTM4NjA4YTEwNDdhN2UzNTljYmMzMzBlZGZmMDFhMGU3YjA6OnNlcnZlcjphMzRjZjhjZTdmZTY0N2MyNTRlNWYzZjNiNjg3MjNmOAoKc2VydmVyOiBodHRwczovLzE5Mi4xNjguMTI0LjEyMzo5MzQ1Cg==\",\"verification\":{}},\"mode\":644}]},\"systemd\":{\"units\":[{\"contents\":\"[Unit]\\nDescription=Install RKE2 Agent\\nAfter=network-online.target\\nWants=network-online.target\\nConditionPathExists=!/var/lib/rancher/rke2/rke2-agent-install.done\\n\\n[Service]\\nType=oneshot\\nEnvironment=\\\"INSTALL_RKE2_METHOD=tar\\\"\\nEnvironment=\\\"INSTALL_RKE2_TYPE=agent\\\"\\nExecStart=/bin/sh -c 'curl -sfL https://get.rke2.io | sh - \\u0026\\u0026 systemctl enable rke2-agent.service \\u0026\\u0026 systemctl start rke2-agent.service \\u0026\\u0026 touch /var/lib/rancher/rke2/rke2-agent-install.done'\\nRemainAfterExit=yes\\n\\n[Install]\\nWantedBy=multi-user.target\\n\",\"enabled\":true,\"name\":\"rke2-agent-install.service\"}]}}",
            "id": "/var/lib/libvirt/images/Io-1.ign;0240ddf9-0266-4276-bac8-0c92d75828a5",
            "name": "Io-1.ign",
            "pool": "default"
          },
          "sensitive_attributes": [],
          "private": "bnVsbA==",
          "dependencies": [
            "data.ignition_config.control_plane_ignition",
            "data.ignition_config.worker_ignition",
            "data.ignition_file.control_hostname",
            "data.ignition_file.worker_hostname",
            "data.ignition_file.worker_rke2_config",
            "data.ignition_systemd_unit.control_rke2_install",
            "data.ignition_systemd_unit.worker_rke2_install",
            "data.ignition_user.core",
            "data.local_file.control_token",
            "data.local_file.ssh_key",
            "libvirt_domain.control",
            "libvirt_ignition.control_plane_ignition",
            "libvirt_network.rke_network",
            "libvirt_pool.rke2",
            "libvirt_volume.control_disk",
            "null_resource.fix_rke2_permissions",
            "null_resource.get_control_token",
            "null_resource.prepare_fcos_image"
          ]
        },
        {
          "index_key": "Io-2",
          "schema_version": 0,
          "attributes": {
            "content": "{\"ignition\":{\"config\":{\"replace\":{\"verification\":{}}},\"proxy\":{},\"security\":{\"tls\":{}},\"timeouts\":{},\"version\":\"3.4.0\"},\"kernelArguments\":{},\"passwd\":{\"users\":[{\"name\":\"core\",\"sshAuthorizedKeys\":[\"ssh-ed25519 AAAAC3NzaC1lZDI1NTE5AAAAIOR2IHHp5djKZZSfssIXYS1hz1qBFW2z90De4D4B63as astrosteveo@archimedes\\n\"]}]},\"storage\":{\"files\":[{\"group\":{},\"overwrite\":false,\"path\":\"/etc/hostname\",\"user\":{},\"contents\":{\"source\":\"data:text/plain;charset=utf-8;base64,SW8tMg==\",\"verification\":{}},\"mode\":644},{\"group\":{},\"overwrite\":false,\"path\":\"/etc/rancher/rke2/config.yaml\",\"user\":{},\"contents\":{\"source\":\"data:text/plain;charset=utf-8;base64,dG9rZW46IEsxMDRiZjBiZWE0NTUyNDY4ZmEyYWMxMDM3NWI5MzQ3OTM4NjA4YTEwNDdhN2UzNTljYmMzMzBlZGZmMDFhMGU3YjA6OnNlcnZlcjphMzRjZjhjZTdmZTY0N2MyNTRlNWYzZjNiNjg3MjNmOAoKc2VydmVyOiBodHRwczovLzE5Mi4xNjguMTI0LjEyMzo5MzQ1Cg==\",\"verification\":{}},\"mode\":644}]},\"systemd\":{\"units\":[{\"contents\":\"[Unit]\\nDescription=Install RKE2 Agent\\nAfter=network-online.target\\nWants=network-online.target\\nConditionPathExists=!/var/lib/rancher/rke2/rke2-agent-install.done\\n\\n[Service]\\nType=oneshot\\nEnvironment=\\\"INSTALL_RKE2_METHOD=tar\\\"\\nEnvironment=\\\"INSTALL_RKE2_TYPE=agent\\\"\\nExecStart=/bin/sh -c 'curl -sfL https://get.rke2.io | sh - \\u0026\\u0026 systemctl enable rke2-agent.service \\u0026\\u0026 systemctl start rke2-agent.service \\u0026\\u0026 touch /var/lib/rancher/rke2/rke2-agent-install.done'\\nRemainAfterExit=yes\\n\\n[Install]\\nWantedBy=multi-user.target\\n\",\"enabled\":true,\"name\":\"rke2-agent-install.service\"}]}}",
            "id": "/var/lib/libvirt/images/Io-2.ign;fb596eea-47d2-4310-82dd-c918a5479a57",
            "name": "Io-2.ign",
            "pool": "default"
          },
          "sensitive_attributes": [],
          "private": "bnVsbA==",
          "dependencies": [
            "data.ignition_config.control_plane_ignition",
            "data.ignition_config.worker_ignition",
            "data.ignition_file.control_hostname",
            "data.ignition_file.worker_hostname",
            "data.ignition_file.worker_rke2_config",
            "data.ignition_systemd_unit.control_rke2_install",
            "data.ignition_systemd_unit.worker_rke2_install",
            "data.ignition_user.core",
            "data.local_file.control_token",
            "data.local_file.ssh_key",
            "libvirt_domain.control",
            "libvirt_ignition.control_plane_ignition",
            "libvirt_network.rke_network",
            "libvirt_pool.rke2",
            "libvirt_volume.control_disk",
            "null_resource.fix_rke2_permissions",
            "null_resource.get_control_token",
            "null_resource.prepare_fcos_image"
          ]
        },
        {
          "index_key": "Io-3",
          "schema_version": 0,
          "attributes": {
            "content": "{\"ignition\":{\"config\":{\"replace\":{\"verification\":{}}},\"proxy\":{},\"security\":{\"tls\":{}},\"timeouts\":{},\"version\":\"3.4.0\"},\"kernelArguments\":{},\"passwd\":{\"users\":[{\"name\":\"core\",\"sshAuthorizedKeys\":[\"ssh-ed25519 AAAAC3NzaC1lZDI1NTE5AAAAIOR2IHHp5djKZZSfssIXYS1hz1qBFW2z90De4D4B63as astrosteveo@archimedes\\n\"]}]},\"storage\":{\"files\":[{\"group\":{},\"overwrite\":false,\"path\":\"/etc/hostname\",\"user\":{},\"contents\":{\"source\":\"data:text/plain;charset=utf-8;base64,SW8tMw==\",\"verification\":{}},\"mode\":644},{\"group\":{},\"overwrite\":false,\"path\":\"/etc/rancher/rke2/config.yaml\",\"user\":{},\"contents\":{\"source\":\"data:text/plain;charset=utf-8;base64,dG9rZW46IEsxMDRiZjBiZWE0NTUyNDY4ZmEyYWMxMDM3NWI5MzQ3OTM4NjA4YTEwNDdhN2UzNTljYmMzMzBlZGZmMDFhMGU3YjA6OnNlcnZlcjphMzRjZjhjZTdmZTY0N2MyNTRlNWYzZjNiNjg3MjNmOAoKc2VydmVyOiBodHRwczovLzE5Mi4xNjguMTI0LjEyMzo5MzQ1Cg==\",\"verification\":{}},\"mode\":644}]},\"systemd\":{\"units\":[{\"contents\":\"[Unit]\\nDescription=Install RKE2 Agent\\nAfter=network-online.target\\nWants=network-online.target\\nConditionPathExists=!/var/lib/rancher/rke2/rke2-agent-install.done\\n\\n[Service]\\nType=oneshot\\nEnvironment=\\\"INSTALL_RKE2_METHOD=tar\\\"\\nEnvironment=\\\"INSTALL_RKE2_TYPE=agent\\\"\\nExecStart=/bin/sh -c 'curl -sfL https://get.rke2.io | sh - \\u0026\\u0026 systemctl enable rke2-agent.service \\u0026\\u0026 systemctl start rke2-agent.service \\u0026\\u0026 touch /var/lib/rancher/rke2/rke2-agent-install.done'\\nRemainAfterExit=yes\\n\\n[Install]\\nWantedBy=multi-user.target\\n\",\"enabled\":true,\"name\":\"rke2-agent-install.service\"}]}}",
            "id": "/var/lib/libvirt/images/Io-3.ign;6f5dd44a-2760-41c7-ba1e-0f3da6f15bf4",
            "name": "Io-3.ign",
            "pool": "default"
          },
          "sensitive_attributes": [],
          "private": "bnVsbA==",
          "dependencies": [
            "data.ignition_config.control_plane_ignition",
            "data.ignition_config.worker_ignition",
            "data.ignition_file.control_hostname",
            "data.ignition_file.worker_hostname",
            "data.ignition_file.worker_rke2_config",
            "data.ignition_systemd_unit.control_rke2_install",
            "data.ignition_systemd_unit.worker_rke2_install",
            "data.ignition_user.core",
            "data.local_file.control_token",
            "data.local_file.ssh_key",
            "libvirt_domain.control",
            "libvirt_ignition.control_plane_ignition",
            "libvirt_network.rke_network",
            "libvirt_pool.rke2",
            "libvirt_volume.control_disk",
            "null_resource.fix_rke2_permissions",
            "null_resource.get_control_token",
            "null_resource.prepare_fcos_image"
          ]
        }
      ]
    },
    {
      "mode": "managed",
      "type": "libvirt_network",
      "name": "rke_network",
      "provider": "provider[\"registry.terraform.io/dmacvicar/libvirt\"]",
      "instances": [
        {
          "schema_version": 0,
          "attributes": {
            "addresses": [
              "192.168.124.0/24"
            ],
            "autostart": false,
            "bridge": "virbr1",
            "dhcp": [
              {
                "enabled": true
              }
            ],
            "dns": [
              {
                "enabled": false,
                "forwarders": [],
                "hosts": [],
                "local_only": false,
                "srvs": []
              }
            ],
            "dnsmasq_options": [],
            "domain": "rke.local",
            "id": "e276e40a-8095-479f-871c-8ca9bdf33989",
            "mode": "nat",
            "mtu": null,
            "name": "rke_network",
            "routes": [],
            "xml": []
          },
          "sensitive_attributes": [],
          "private": "bnVsbA=="
        }
      ]
    },
    {
      "mode": "managed",
      "type": "libvirt_pool",
      "name": "rke2",
      "provider": "provider[\"registry.terraform.io/dmacvicar/libvirt\"]",
      "instances": [
        {
          "schema_version": 0,
          "attributes": {
            "allocation": 26573799424,
            "available": 1956497326080,
            "capacity": 1983071125504,
            "id": "92a25926-f61a-4825-892b-795f7be855cf",
            "name": "rke2",
            "path": null,
            "source": [],
            "target": [
              {
                "path": "/var/lib/libvirt/images/rke2"
              }
            ],
            "type": "dir",
            "xml": []
          },
          "sensitive_attributes": [],
          "private": "bnVsbA=="
        }
      ]
    },
    {
      "mode": "managed",
      "type": "libvirt_volume",
      "name": "control_disk",
      "provider": "provider[\"registry.terraform.io/dmacvicar/libvirt\"]",
      "instances": [
        {
          "index_key": "Mercury-1",
          "schema_version": 0,
          "attributes": {
            "base_volume_id": null,
            "base_volume_name": null,
            "base_volume_pool": null,
            "format": "qcow2",
            "id": "/var/lib/libvirt/images/rke2/Mercury-1.qcow2",
            "name": "Mercury-1.qcow2",
            "pool": "rke2",
            "size": 10737418240,
            "source": "/var/lib/libvirt/images/rke2/fedora-coreos-41.20250117.3.0-qemu.x86_64.qcow2",
            "xml": []
          },
          "sensitive_attributes": [],
          "private": "bnVsbA==",
          "dependencies": [
            "libvirt_pool.rke2",
            "null_resource.fix_rke2_permissions",
            "null_resource.prepare_fcos_image"
          ]
        }
      ]
    },
    {
      "mode": "managed",
      "type": "libvirt_volume",
      "name": "worker_disk",
      "provider": "provider[\"registry.terraform.io/dmacvicar/libvirt\"]",
      "instances": [
        {
          "index_key": "Io-1",
          "schema_version": 0,
          "attributes": {
            "base_volume_id": null,
            "base_volume_name": null,
            "base_volume_pool": null,
            "format": "qcow2",
            "id": "/var/lib/libvirt/images/rke2/Io-1.qcow2",
            "name": "Io-1.qcow2",
            "pool": "rke2",
            "size": 10737418240,
            "source": "/var/lib/libvirt/images/rke2/fedora-coreos-41.20250117.3.0-qemu.x86_64.qcow2",
            "xml": []
          },
          "sensitive_attributes": [],
          "private": "bnVsbA==",
          "dependencies": [
            "libvirt_pool.rke2",
            "null_resource.fix_rke2_permissions",
            "null_resource.prepare_fcos_image"
          ]
        },
        {
          "index_key": "Io-2",
          "schema_version": 0,
          "attributes": {
            "base_volume_id": null,
            "base_volume_name": null,
            "base_volume_pool": null,
            "format": "qcow2",
            "id": "/var/lib/libvirt/images/rke2/Io-2.qcow2",
            "name": "Io-2.qcow2",
            "pool": "rke2",
            "size": 10737418240,
            "source": "/var/lib/libvirt/images/rke2/fedora-coreos-41.20250117.3.0-qemu.x86_64.qcow2",
            "xml": []
          },
          "sensitive_attributes": [],
          "private": "bnVsbA==",
          "dependencies": [
            "libvirt_pool.rke2",
            "null_resource.fix_rke2_permissions",
            "null_resource.prepare_fcos_image"
          ]
        },
        {
          "index_key": "Io-3",
          "schema_version": 0,
          "attributes": {
            "base_volume_id": null,
            "base_volume_name": null,
            "base_volume_pool": null,
            "format": "qcow2",
            "id": "/var/lib/libvirt/images/rke2/Io-3.qcow2",
            "name": "Io-3.qcow2",
            "pool": "rke2",
            "size": 10737418240,
            "source": "/var/lib/libvirt/images/rke2/fedora-coreos-41.20250117.3.0-qemu.x86_64.qcow2",
            "xml": []
          },
          "sensitive_attributes": [],
          "private": "bnVsbA==",
          "dependencies": [
            "libvirt_pool.rke2",
            "null_resource.fix_rke2_permissions",
            "null_resource.prepare_fcos_image"
          ]
        }
      ]
    },
    {
      "mode": "managed",
      "type": "null_resource",
      "name": "fix_rke2_permissions",
      "provider": "provider[\"registry.terraform.io/hashicorp/null\"]",
      "instances": [
        {
          "schema_version": 0,
          "attributes": {
            "id": "8415548344940017219",
            "triggers": null
          },
          "sensitive_attributes": [],
          "dependencies": [
            "libvirt_pool.rke2"
          ]
        }
      ]
    },
    {
      "mode": "managed",
      "type": "null_resource",
      "name": "get_control_token",
      "provider": "provider[\"registry.terraform.io/hashicorp/null\"]",
      "instances": [
        {
          "schema_version": 0,
          "attributes": {
            "id": "6939501262191414444",
            "triggers": null
          },
          "sensitive_attributes": [],
          "dependencies": [
            "data.ignition_config.control_plane_ignition",
            "data.ignition_file.control_hostname",
            "data.ignition_systemd_unit.control_rke2_install",
            "data.ignition_user.core",
            "data.local_file.ssh_key",
            "libvirt_domain.control",
            "libvirt_ignition.control_plane_ignition",
            "libvirt_network.rke_network",
            "libvirt_pool.rke2",
            "libvirt_volume.control_disk",
            "null_resource.fix_rke2_permissions",
            "null_resource.prepare_fcos_image"
          ]
        }
      ]
    },
    {
      "mode": "managed",
      "type": "null_resource",
      "name": "prepare_fcos_image",
      "provider": "provider[\"registry.terraform.io/hashicorp/null\"]",
      "instances": [
        {
          "schema_version": 0,
          "attributes": {
            "id": "3654857742286499168",
            "triggers": null
          },
          "sensitive_attributes": [],
          "dependencies": [
            "libvirt_pool.rke2",
            "null_resource.fix_rke2_permissions"
          ]
        }
      ]
    }
  ],
  "check_results": null
}
